PODS:
  - Alamofire (5.4.4)
  - NMapsMap (3.14.0)
  - Then (2.7.0)

DEPENDENCIES:
  - Alamofire (~> 5.4)
  - NMapsMap
  - Then

SPEC REPOS:
  trunk:
    - Alamofire
    - NMapsMap
    - Then

SPEC CHECKSUMS:
  Alamofire: f3b09a368f1582ab751b3fff5460276e0d2cf5c9
  NMapsMap: 61c2abfc409bbcdc91583ccc455a5b6f64c7414e
  Then: acfe0be7e98221c6204e12f8161459606d5d822d

PODFILE CHECKSUM: 93a67dcb174a40c9c846a11d51f3a479b86bb293

COCOAPODS: 1.11.2
