PODS:
  - Alamofire (5.4.4)
  - NMapsMap (3.14.0)

DEPENDENCIES:
  - Alamofire (~> 5.4)
  - NMapsMap

SPEC REPOS:
  trunk:
    - Alamofire
    - NMapsMap

SPEC CHECKSUMS:
  Alamofire: f3b09a368f1582ab751b3fff5460276e0d2cf5c9
  NMapsMap: 61c2abfc409bbcdc91583ccc455a5b6f64c7414e

PODFILE CHECKSUM: a2ab76d8c900492946c5ec68550ed6756b63db00

COCOAPODS: 1.11.2
