// !$*UTF8*$!
{
	archiveVersion = 1;
	classes = {
	};
	objectVersion = 55;
	objects = {

/* Begin PBXBuildFile section */
		4204DC6C3BDEABB44A6ADCA2 /* Pods_DRRLife_DRRLifeUITests.framework in Frameworks */ = {isa = PBXBuildFile; fileRef = 4FAD4F99F209A58998B54BC9 /* Pods_DRRLife_DRRLifeUITests.framework */; };
		4D9E30DC1E33C0E2EB677340 /* Pods_DRRLife.framework in Frameworks */ = {isa = PBXBuildFile; fileRef = 866BA0D8948F844F707799EC /* Pods_DRRLife.framework */; };
		E905885DCF7515815F2821A4 /* Pods_DRRLifeTests.framework in Frameworks */ = {isa = PBXBuildFile; fileRef = 8EC157479CE1164BC01D6909 /* Pods_DRRLifeTests.framework */; };
		FDF1C0EE2748D49A00F08D2D /* AppDelegate.swift in Sources */ = {isa = PBXBuildFile; fileRef = FDF1C0ED2748D49A00F08D2D /* AppDelegate.swift */; };
		FDF1C0F02748D49A00F08D2D /* SceneDelegate.swift in Sources */ = {isa = PBXBuildFile; fileRef = FDF1C0EF2748D49A00F08D2D /* SceneDelegate.swift */; };
		FDF1C0F22748D49A00F08D2D /* ViewController.swift in Sources */ = {isa = PBXBuildFile; fileRef = FDF1C0F12748D49A00F08D2D /* ViewController.swift */; };
		FDF1C0F52748D49A00F08D2D /* Main.storyboard in Resources */ = {isa = PBXBuildFile; fileRef = FDF1C0F32748D49A00F08D2D /* Main.storyboard */; };
		FDF1C0F72748D49E00F08D2D /* Assets.xcassets in Resources */ = {isa = PBXBuildFile; fileRef = FDF1C0F62748D49E00F08D2D /* Assets.xcassets */; };
		FDF1C0FA2748D49E00F08D2D /* LaunchScreen.storyboard in Resources */ = {isa = PBXBuildFile; fileRef = FDF1C0F82748D49E00F08D2D /* LaunchScreen.storyboard */; };
		FDF1C1052748D49E00F08D2D /* DRRLifeTests.swift in Sources */ = {isa = PBXBuildFile; fileRef = FDF1C1042748D49E00F08D2D /* DRRLifeTests.swift */; };
		FDF1C10F2748D49E00F08D2D /* DRRLifeUITests.swift in Sources */ = {isa = PBXBuildFile; fileRef = FDF1C10E2748D49E00F08D2D /* DRRLifeUITests.swift */; };
		FDF1C1112748D49E00F08D2D /* DRRLifeUITestsLaunchTests.swift in Sources */ = {isa = PBXBuildFile; fileRef = FDF1C1102748D49E00F08D2D /* DRRLifeUITestsLaunchTests.swift */; };
		FDF1C11E2748DD0300F08D2D /* APIKeys.plist in Resources */ = {isa = PBXBuildFile; fileRef = FDF1C11D2748DD0300F08D2D /* APIKeys.plist */; };
/* End PBXBuildFile section */

/* Begin PBXContainerItemProxy section */
		FDF1C1012748D49E00F08D2D /* PBXContainerItemProxy */ = {
			isa = PBXContainerItemProxy;
			containerPortal = FDF1C0E22748D49A00F08D2D /* Project object */;
			proxyType = 1;
			remoteGlobalIDString = FDF1C0E92748D49A00F08D2D;
			remoteInfo = DRRLife;
		};
		FDF1C10B2748D49E00F08D2D /* PBXContainerItemProxy */ = {
			isa = PBXContainerItemProxy;
			containerPortal = FDF1C0E22748D49A00F08D2D /* Project object */;
			proxyType = 1;
			remoteGlobalIDString = FDF1C0E92748D49A00F08D2D;
			remoteInfo = DRRLife;
		};
/* End PBXContainerItemProxy section */

/* Begin PBXFileReference section */
		11376A8324DD6FBA18A7E5B9 /* Pods-DRRLife.release.xcconfig */ = {isa = PBXFileReference; includeInIndex = 1; lastKnownFileType = text.xcconfig; name = "Pods-DRRLife.release.xcconfig"; path = "Target Support Files/Pods-DRRLife/Pods-DRRLife.release.xcconfig"; sourceTree = "<group>"; };
		1B265250634E3DDEBA525A6C /* Pods-DRRLifeTests.release.xcconfig */ = {isa = PBXFileReference; includeInIndex = 1; lastKnownFileType = text.xcconfig; name = "Pods-DRRLifeTests.release.xcconfig"; path = "Target Support Files/Pods-DRRLifeTests/Pods-DRRLifeTests.release.xcconfig"; sourceTree = "<group>"; };
		1DD17318981F67791F0105DE /* Pods-DRRLife-DRRLifeUITests.debug.xcconfig */ = {isa = PBXFileReference; includeInIndex = 1; lastKnownFileType = text.xcconfig; name = "Pods-DRRLife-DRRLifeUITests.debug.xcconfig"; path = "Target Support Files/Pods-DRRLife-DRRLifeUITests/Pods-DRRLife-DRRLifeUITests.debug.xcconfig"; sourceTree = "<group>"; };
		4FAD4F99F209A58998B54BC9 /* Pods_DRRLife_DRRLifeUITests.framework */ = {isa = PBXFileReference; explicitFileType = wrapper.framework; includeInIndex = 0; path = Pods_DRRLife_DRRLifeUITests.framework; sourceTree = BUILT_PRODUCTS_DIR; };
		536B487AD37AD04E3D780830 /* Pods-DRRLife-DRRLifeUITests.release.xcconfig */ = {isa = PBXFileReference; includeInIndex = 1; lastKnownFileType = text.xcconfig; name = "Pods-DRRLife-DRRLifeUITests.release.xcconfig"; path = "Target Support Files/Pods-DRRLife-DRRLifeUITests/Pods-DRRLife-DRRLifeUITests.release.xcconfig"; sourceTree = "<group>"; };
		631554348187625C6869099C /* Pods-DRRLifeTests.debug.xcconfig */ = {isa = PBXFileReference; includeInIndex = 1; lastKnownFileType = text.xcconfig; name = "Pods-DRRLifeTests.debug.xcconfig"; path = "Target Support Files/Pods-DRRLifeTests/Pods-DRRLifeTests.debug.xcconfig"; sourceTree = "<group>"; };
		866BA0D8948F844F707799EC /* Pods_DRRLife.framework */ = {isa = PBXFileReference; explicitFileType = wrapper.framework; includeInIndex = 0; path = Pods_DRRLife.framework; sourceTree = BUILT_PRODUCTS_DIR; };
		8EC157479CE1164BC01D6909 /* Pods_DRRLifeTests.framework */ = {isa = PBXFileReference; explicitFileType = wrapper.framework; includeInIndex = 0; path = Pods_DRRLifeTests.framework; sourceTree = BUILT_PRODUCTS_DIR; };
		E90EF2A2197C0C49AAB37C1D /* Pods-DRRLife.debug.xcconfig */ = {isa = PBXFileReference; includeInIndex = 1; lastKnownFileType = text.xcconfig; name = "Pods-DRRLife.debug.xcconfig"; path = "Target Support Files/Pods-DRRLife/Pods-DRRLife.debug.xcconfig"; sourceTree = "<group>"; };
		FDF1C0EA2748D49A00F08D2D /* DRRLife.app */ = {isa = PBXFileReference; explicitFileType = wrapper.application; includeInIndex = 0; path = DRRLife.app; sourceTree = BUILT_PRODUCTS_DIR; };
		FDF1C0ED2748D49A00F08D2D /* AppDelegate.swift */ = {isa = PBXFileReference; lastKnownFileType = sourcecode.swift; path = AppDelegate.swift; sourceTree = "<group>"; };
		FDF1C0EF2748D49A00F08D2D /* SceneDelegate.swift */ = {isa = PBXFileReference; lastKnownFileType = sourcecode.swift; path = SceneDelegate.swift; sourceTree = "<group>"; };
		FDF1C0F12748D49A00F08D2D /* ViewController.swift */ = {isa = PBXFileReference; lastKnownFileType = sourcecode.swift; path = ViewController.swift; sourceTree = "<group>"; };
		FDF1C0F42748D49A00F08D2D /* Base */ = {isa = PBXFileReference; lastKnownFileType = file.storyboard; name = Base; path = Base.lproj/Main.storyboard; sourceTree = "<group>"; };
		FDF1C0F62748D49E00F08D2D /* Assets.xcassets */ = {isa = PBXFileReference; lastKnownFileType = folder.assetcatalog; path = Assets.xcassets; sourceTree = "<group>"; };
		FDF1C0F92748D49E00F08D2D /* Base */ = {isa = PBXFileReference; lastKnownFileType = file.storyboard; name = Base; path = Base.lproj/LaunchScreen.storyboard; sourceTree = "<group>"; };
		FDF1C0FB2748D49E00F08D2D /* Info.plist */ = {isa = PBXFileReference; lastKnownFileType = text.plist.xml; path = Info.plist; sourceTree = "<group>"; };
		FDF1C1002748D49E00F08D2D /* DRRLifeTests.xctest */ = {isa = PBXFileReference; explicitFileType = wrapper.cfbundle; includeInIndex = 0; path = DRRLifeTests.xctest; sourceTree = BUILT_PRODUCTS_DIR; };
		FDF1C1042748D49E00F08D2D /* DRRLifeTests.swift */ = {isa = PBXFileReference; lastKnownFileType = sourcecode.swift; path = DRRLifeTests.swift; sourceTree = "<group>"; };
		FDF1C10A2748D49E00F08D2D /* DRRLifeUITests.xctest */ = {isa = PBXFileReference; explicitFileType = wrapper.cfbundle; includeInIndex = 0; path = DRRLifeUITests.xctest; sourceTree = BUILT_PRODUCTS_DIR; };
		FDF1C10E2748D49E00F08D2D /* DRRLifeUITests.swift */ = {isa = PBXFileReference; lastKnownFileType = sourcecode.swift; path = DRRLifeUITests.swift; sourceTree = "<group>"; };
		FDF1C1102748D49E00F08D2D /* DRRLifeUITestsLaunchTests.swift */ = {isa = PBXFileReference; lastKnownFileType = sourcecode.swift; path = DRRLifeUITestsLaunchTests.swift; sourceTree = "<group>"; };
		FDF1C11D2748DD0300F08D2D /* APIKeys.plist */ = {isa = PBXFileReference; lastKnownFileType = text.plist.xml; path = APIKeys.plist; sourceTree = "<group>"; };
/* End PBXFileReference section */

/* Begin PBXFrameworksBuildPhase section */
		FDF1C0E72748D49A00F08D2D /* Frameworks */ = {
			isa = PBXFrameworksBuildPhase;
			buildActionMask = 2147483647;
			files = (
				4D9E30DC1E33C0E2EB677340 /* Pods_DRRLife.framework in Frameworks */,
			);
			runOnlyForDeploymentPostprocessing = 0;
		};
		FDF1C0FD2748D49E00F08D2D /* Frameworks */ = {
			isa = PBXFrameworksBuildPhase;
			buildActionMask = 2147483647;
			files = (
				E905885DCF7515815F2821A4 /* Pods_DRRLifeTests.framework in Frameworks */,
			);
			runOnlyForDeploymentPostprocessing = 0;
		};
		FDF1C1072748D49E00F08D2D /* Frameworks */ = {
			isa = PBXFrameworksBuildPhase;
			buildActionMask = 2147483647;
			files = (
				4204DC6C3BDEABB44A6ADCA2 /* Pods_DRRLife_DRRLifeUITests.framework in Frameworks */,
			);
			runOnlyForDeploymentPostprocessing = 0;
		};
/* End PBXFrameworksBuildPhase section */

/* Begin PBXGroup section */
		19B0FC0977A643ACA83C26C6 /* Pods */ = {
			isa = PBXGroup;
			children = (
				E90EF2A2197C0C49AAB37C1D /* Pods-DRRLife.debug.xcconfig */,
				11376A8324DD6FBA18A7E5B9 /* Pods-DRRLife.release.xcconfig */,
				1DD17318981F67791F0105DE /* Pods-DRRLife-DRRLifeUITests.debug.xcconfig */,
				536B487AD37AD04E3D780830 /* Pods-DRRLife-DRRLifeUITests.release.xcconfig */,
				631554348187625C6869099C /* Pods-DRRLifeTests.debug.xcconfig */,
				1B265250634E3DDEBA525A6C /* Pods-DRRLifeTests.release.xcconfig */,
			);
			name = Pods;
			path = Pods;
			sourceTree = "<group>";
		};
		7E9443C148652C85FDB1BA52 /* Frameworks */ = {
			isa = PBXGroup;
			children = (
				866BA0D8948F844F707799EC /* Pods_DRRLife.framework */,
				4FAD4F99F209A58998B54BC9 /* Pods_DRRLife_DRRLifeUITests.framework */,
				8EC157479CE1164BC01D6909 /* Pods_DRRLifeTests.framework */,
			);
			name = Frameworks;
			sourceTree = "<group>";
		};
		FDF1C0E12748D49A00F08D2D = {
			isa = PBXGroup;
			children = (
				FDF1C0EC2748D49A00F08D2D /* DRRLife */,
				FDF1C1032748D49E00F08D2D /* DRRLifeTests */,
				FDF1C10D2748D49E00F08D2D /* DRRLifeUITests */,
				FDF1C0EB2748D49A00F08D2D /* Products */,
				19B0FC0977A643ACA83C26C6 /* Pods */,
				7E9443C148652C85FDB1BA52 /* Frameworks */,
			);
			sourceTree = "<group>";
		};
		FDF1C0EB2748D49A00F08D2D /* Products */ = {
			isa = PBXGroup;
			children = (
				FDF1C0EA2748D49A00F08D2D /* DRRLife.app */,
				FDF1C1002748D49E00F08D2D /* DRRLifeTests.xctest */,
				FDF1C10A2748D49E00F08D2D /* DRRLifeUITests.xctest */,
			);
			name = Products;
			sourceTree = "<group>";
		};
		FDF1C0EC2748D49A00F08D2D /* DRRLife */ = {
			isa = PBXGroup;
			children = (
				FDF1C0ED2748D49A00F08D2D /* AppDelegate.swift */,
				FDF1C0EF2748D49A00F08D2D /* SceneDelegate.swift */,
				FDF1C0F12748D49A00F08D2D /* ViewController.swift */,
				FDF1C0F32748D49A00F08D2D /* Main.storyboard */,
				FDF1C0F62748D49E00F08D2D /* Assets.xcassets */,
				FDF1C0F82748D49E00F08D2D /* LaunchScreen.storyboard */,
				FDF1C0FB2748D49E00F08D2D /* Info.plist */,
				FDF1C11D2748DD0300F08D2D /* APIKeys.plist */,
			);
			path = DRRLife;
			sourceTree = "<group>";
		};
		FDF1C1032748D49E00F08D2D /* DRRLifeTests */ = {
			isa = PBXGroup;
			children = (
				FDF1C1042748D49E00F08D2D /* DRRLifeTests.swift */,
			);
			path = DRRLifeTests;
			sourceTree = "<group>";
		};
		FDF1C10D2748D49E00F08D2D /* DRRLifeUITests */ = {
			isa = PBXGroup;
			children = (
				FDF1C10E2748D49E00F08D2D /* DRRLifeUITests.swift */,
				FDF1C1102748D49E00F08D2D /* DRRLifeUITestsLaunchTests.swift */,
			);
			path = DRRLifeUITests;
			sourceTree = "<group>";
		};
/* End PBXGroup section */

/* Begin PBXNativeTarget section */
		FDF1C0E92748D49A00F08D2D /* DRRLife */ = {
			isa = PBXNativeTarget;
			buildConfigurationList = FDF1C1142748D49E00F08D2D /* Build configuration list for PBXNativeTarget "DRRLife" */;
			buildPhases = (
				A7D3E4FF77B584D9EC948D9D /* [CP] Check Pods Manifest.lock */,
				FDF1C0E62748D49A00F08D2D /* Sources */,
				FDF1C0E72748D49A00F08D2D /* Frameworks */,
				FDF1C0E82748D49A00F08D2D /* Resources */,
				A83E8B02D3EEA876B414864C /* [CP] Embed Pods Frameworks */,
			);
			buildRules = (
			);
			dependencies = (
			);
			name = DRRLife;
			productName = DRRLife;
			productReference = FDF1C0EA2748D49A00F08D2D /* DRRLife.app */;
			productType = "com.apple.product-type.application";
		};
		FDF1C0FF2748D49E00F08D2D /* DRRLifeTests */ = {
			isa = PBXNativeTarget;
			buildConfigurationList = FDF1C1172748D49E00F08D2D /* Build configuration list for PBXNativeTarget "DRRLifeTests" */;
			buildPhases = (
				1D8BC9334E7E3BB84D61C3D0 /* [CP] Check Pods Manifest.lock */,
				FDF1C0FC2748D49E00F08D2D /* Sources */,
				FDF1C0FD2748D49E00F08D2D /* Frameworks */,
				FDF1C0FE2748D49E00F08D2D /* Resources */,
			);
			buildRules = (
			);
			dependencies = (
				FDF1C1022748D49E00F08D2D /* PBXTargetDependency */,
			);
			name = DRRLifeTests;
			productName = DRRLifeTests;
			productReference = FDF1C1002748D49E00F08D2D /* DRRLifeTests.xctest */;
			productType = "com.apple.product-type.bundle.unit-test";
		};
		FDF1C1092748D49E00F08D2D /* DRRLifeUITests */ = {
			isa = PBXNativeTarget;
			buildConfigurationList = FDF1C11A2748D49E00F08D2D /* Build configuration list for PBXNativeTarget "DRRLifeUITests" */;
			buildPhases = (
				62B8262FC30205584331A7BC /* [CP] Check Pods Manifest.lock */,
				FDF1C1062748D49E00F08D2D /* Sources */,
				FDF1C1072748D49E00F08D2D /* Frameworks */,
				FDF1C1082748D49E00F08D2D /* Resources */,
				B5EDA68ACACC77C069B217E0 /* [CP] Embed Pods Frameworks */,
			);
			buildRules = (
			);
			dependencies = (
				FDF1C10C2748D49E00F08D2D /* PBXTargetDependency */,
			);
			name = DRRLifeUITests;
			productName = DRRLifeUITests;
			productReference = FDF1C10A2748D49E00F08D2D /* DRRLifeUITests.xctest */;
			productType = "com.apple.product-type.bundle.ui-testing";
		};
/* End PBXNativeTarget section */

/* Begin PBXProject section */
		FDF1C0E22748D49A00F08D2D /* Project object */ = {
			isa = PBXProject;
			attributes = {
				BuildIndependentTargetsInParallel = 1;
				LastSwiftUpdateCheck = 1300;
				LastUpgradeCheck = 1300;
				TargetAttributes = {
					FDF1C0E92748D49A00F08D2D = {
						CreatedOnToolsVersion = 13.0;
					};
					FDF1C0FF2748D49E00F08D2D = {
						CreatedOnToolsVersion = 13.0;
						TestTargetID = FDF1C0E92748D49A00F08D2D;
					};
					FDF1C1092748D49E00F08D2D = {
						CreatedOnToolsVersion = 13.0;
						TestTargetID = FDF1C0E92748D49A00F08D2D;
					};
				};
			};
			buildConfigurationList = FDF1C0E52748D49A00F08D2D /* Build configuration list for PBXProject "DRRLife" */;
			compatibilityVersion = "Xcode 13.0";
			developmentRegion = en;
			hasScannedForEncodings = 0;
			knownRegions = (
				en,
				Base,
			);
			mainGroup = FDF1C0E12748D49A00F08D2D;
			productRefGroup = FDF1C0EB2748D49A00F08D2D /* Products */;
			projectDirPath = "";
			projectRoot = "";
			targets = (
				FDF1C0E92748D49A00F08D2D /* DRRLife */,
				FDF1C0FF2748D49E00F08D2D /* DRRLifeTests */,
				FDF1C1092748D49E00F08D2D /* DRRLifeUITests */,
			);
		};
/* End PBXProject section */

/* Begin PBXResourcesBuildPhase section */
		FDF1C0E82748D49A00F08D2D /* Resources */ = {
			isa = PBXResourcesBuildPhase;
			buildActionMask = 2147483647;
			files = (
				FDF1C0FA2748D49E00F08D2D /* LaunchScreen.storyboard in Resources */,
				FDF1C11E2748DD0300F08D2D /* APIKeys.plist in Resources */,
				FDF1C0F72748D49E00F08D2D /* Assets.xcassets in Resources */,
				FDF1C0F52748D49A00F08D2D /* Main.storyboard in Resources */,
			);
			runOnlyForDeploymentPostprocessing = 0;
		};
		FDF1C0FE2748D49E00F08D2D /* Resources */ = {
			isa = PBXResourcesBuildPhase;
			buildActionMask = 2147483647;
			files = (
			);
			runOnlyForDeploymentPostprocessing = 0;
		};
		FDF1C1082748D49E00F08D2D /* Resources */ = {
			isa = PBXResourcesBuildPhase;
			buildActionMask = 2147483647;
			files = (
			);
			runOnlyForDeploymentPostprocessing = 0;
		};
/* End PBXResourcesBuildPhase section */

/* Begin PBXShellScriptBuildPhase section */
		1D8BC9334E7E3BB84D61C3D0 /* [CP] Check Pods Manifest.lock */ = {
			isa = PBXShellScriptBuildPhase;
			buildActionMask = 2147483647;
			files = (
			);
			inputFileListPaths = (
			);
			inputPaths = (
				"${PODS_PODFILE_DIR_PATH}/Podfile.lock",
				"${PODS_ROOT}/Manifest.lock",
			);
			name = "[CP] Check Pods Manifest.lock";
			outputFileListPaths = (
			);
			outputPaths = (
				"$(DERIVED_FILE_DIR)/Pods-DRRLifeTests-checkManifestLockResult.txt",
			);
			runOnlyForDeploymentPostprocessing = 0;
			shellPath = /bin/sh;
			shellScript = "diff \"${PODS_PODFILE_DIR_PATH}/Podfile.lock\" \"${PODS_ROOT}/Manifest.lock\" > /dev/null\nif [ $? != 0 ] ; then\n    # print error to STDERR\n    echo \"error: The sandbox is not in sync with the Podfile.lock. Run 'pod install' or update your CocoaPods installation.\" >&2\n    exit 1\nfi\n# This output is used by Xcode 'outputs' to avoid re-running this script phase.\necho \"SUCCESS\" > \"${SCRIPT_OUTPUT_FILE_0}\"\n";
			showEnvVarsInLog = 0;
		};
		62B8262FC30205584331A7BC /* [CP] Check Pods Manifest.lock */ = {
			isa = PBXShellScriptBuildPhase;
			buildActionMask = 2147483647;
			files = (
			);
			inputFileListPaths = (
			);
			inputPaths = (
				"${PODS_PODFILE_DIR_PATH}/Podfile.lock",
				"${PODS_ROOT}/Manifest.lock",
			);
			name = "[CP] Check Pods Manifest.lock";
			outputFileListPaths = (
			);
			outputPaths = (
				"$(DERIVED_FILE_DIR)/Pods-DRRLife-DRRLifeUITests-checkManifestLockResult.txt",
			);
			runOnlyForDeploymentPostprocessing = 0;
			shellPath = /bin/sh;
			shellScript = "diff \"${PODS_PODFILE_DIR_PATH}/Podfile.lock\" \"${PODS_ROOT}/Manifest.lock\" > /dev/null\nif [ $? != 0 ] ; then\n    # print error to STDERR\n    echo \"error: The sandbox is not in sync with the Podfile.lock. Run 'pod install' or update your CocoaPods installation.\" >&2\n    exit 1\nfi\n# This output is used by Xcode 'outputs' to avoid re-running this script phase.\necho \"SUCCESS\" > \"${SCRIPT_OUTPUT_FILE_0}\"\n";
			showEnvVarsInLog = 0;
		};
		A7D3E4FF77B584D9EC948D9D /* [CP] Check Pods Manifest.lock */ = {
			isa = PBXShellScriptBuildPhase;
			buildActionMask = 2147483647;
			files = (
			);
			inputFileListPaths = (
			);
			inputPaths = (
				"${PODS_PODFILE_DIR_PATH}/Podfile.lock",
				"${PODS_ROOT}/Manifest.lock",
			);
			name = "[CP] Check Pods Manifest.lock";
			outputFileListPaths = (
			);
			outputPaths = (
				"$(DERIVED_FILE_DIR)/Pods-DRRLife-checkManifestLockResult.txt",
			);
			runOnlyForDeploymentPostprocessing = 0;
			shellPath = /bin/sh;
			shellScript = "diff \"${PODS_PODFILE_DIR_PATH}/Podfile.lock\" \"${PODS_ROOT}/Manifest.lock\" > /dev/null\nif [ $? != 0 ] ; then\n    # print error to STDERR\n    echo \"error: The sandbox is not in sync with the Podfile.lock. Run 'pod install' or update your CocoaPods installation.\" >&2\n    exit 1\nfi\n# This output is used by Xcode 'outputs' to avoid re-running this script phase.\necho \"SUCCESS\" > \"${SCRIPT_OUTPUT_FILE_0}\"\n";
			showEnvVarsInLog = 0;
		};
		A83E8B02D3EEA876B414864C /* [CP] Embed Pods Frameworks */ = {
			isa = PBXShellScriptBuildPhase;
			buildActionMask = 2147483647;
			files = (
			);
			inputFileListPaths = (
				"${PODS_ROOT}/Target Support Files/Pods-DRRLife/Pods-DRRLife-frameworks-${CONFIGURATION}-input-files.xcfilelist",
			);
			name = "[CP] Embed Pods Frameworks";
			outputFileListPaths = (
				"${PODS_ROOT}/Target Support Files/Pods-DRRLife/Pods-DRRLife-frameworks-${CONFIGURATION}-output-files.xcfilelist",
			);
			runOnlyForDeploymentPostprocessing = 0;
			shellPath = /bin/sh;
			shellScript = "\"${PODS_ROOT}/Target Support Files/Pods-DRRLife/Pods-DRRLife-frameworks.sh\"\n";
			showEnvVarsInLog = 0;
		};
		B5EDA68ACACC77C069B217E0 /* [CP] Embed Pods Frameworks */ = {
			isa = PBXShellScriptBuildPhase;
			buildActionMask = 2147483647;
			files = (
			);
			inputFileListPaths = (
				"${PODS_ROOT}/Target Support Files/Pods-DRRLife-DRRLifeUITests/Pods-DRRLife-DRRLifeUITests-frameworks-${CONFIGURATION}-input-files.xcfilelist",
			);
			name = "[CP] Embed Pods Frameworks";
			outputFileListPaths = (
				"${PODS_ROOT}/Target Support Files/Pods-DRRLife-DRRLifeUITests/Pods-DRRLife-DRRLifeUITests-frameworks-${CONFIGURATION}-output-files.xcfilelist",
			);
			runOnlyForDeploymentPostprocessing = 0;
			shellPath = /bin/sh;
			shellScript = "\"${PODS_ROOT}/Target Support Files/Pods-DRRLife-DRRLifeUITests/Pods-DRRLife-DRRLifeUITests-frameworks.sh\"\n";
			showEnvVarsInLog = 0;
		};
/* End PBXShellScriptBuildPhase section */

/* Begin PBXSourcesBuildPhase section */
		FDF1C0E62748D49A00F08D2D /* Sources */ = {
			isa = PBXSourcesBuildPhase;
			buildActionMask = 2147483647;
			files = (
				FDF1C0F22748D49A00F08D2D /* ViewController.swift in Sources */,
				FDF1C0EE2748D49A00F08D2D /* AppDelegate.swift in Sources */,
				FDF1C0F02748D49A00F08D2D /* SceneDelegate.swift in Sources */,
			);
			runOnlyForDeploymentPostprocessing = 0;
		};
		FDF1C0FC2748D49E00F08D2D /* Sources */ = {
			isa = PBXSourcesBuildPhase;
			buildActionMask = 2147483647;
			files = (
				FDF1C1052748D49E00F08D2D /* DRRLifeTests.swift in Sources */,
			);
			runOnlyForDeploymentPostprocessing = 0;
		};
		FDF1C1062748D49E00F08D2D /* Sources */ = {
			isa = PBXSourcesBuildPhase;
			buildActionMask = 2147483647;
			files = (
				FDF1C10F2748D49E00F08D2D /* DRRLifeUITests.swift in Sources */,
				FDF1C1112748D49E00F08D2D /* DRRLifeUITestsLaunchTests.swift in Sources */,
			);
			runOnlyForDeploymentPostprocessing = 0;
		};
/* End PBXSourcesBuildPhase section */

/* Begin PBXTargetDependency section */
		FDF1C1022748D49E00F08D2D /* PBXTargetDependency */ = {
			isa = PBXTargetDependency;
			target = FDF1C0E92748D49A00F08D2D /* DRRLife */;
			targetProxy = FDF1C1012748D49E00F08D2D /* PBXContainerItemProxy */;
		};
		FDF1C10C2748D49E00F08D2D /* PBXTargetDependency */ = {
			isa = PBXTargetDependency;
			target = FDF1C0E92748D49A00F08D2D /* DRRLife */;
			targetProxy = FDF1C10B2748D49E00F08D2D /* PBXContainerItemProxy */;
		};
/* End PBXTargetDependency section */

/* Begin PBXVariantGroup section */
		FDF1C0F32748D49A00F08D2D /* Main.storyboard */ = {
			isa = PBXVariantGroup;
			children = (
				FDF1C0F42748D49A00F08D2D /* Base */,
			);
			name = Main.storyboard;
			sourceTree = "<group>";
		};
		FDF1C0F82748D49E00F08D2D /* LaunchScreen.storyboard */ = {
			isa = PBXVariantGroup;
			children = (
				FDF1C0F92748D49E00F08D2D /* Base */,
			);
			name = LaunchScreen.storyboard;
			sourceTree = "<group>";
		};
/* End PBXVariantGroup section */

/* Begin XCBuildConfiguration section */
		FDF1C1122748D49E00F08D2D /* Debug */ = {
			isa = XCBuildConfiguration;
			buildSettings = {
				ALWAYS_SEARCH_USER_PATHS = NO;
				CLANG_ANALYZER_NONNULL = YES;
				CLANG_ANALYZER_NUMBER_OBJECT_CONVERSION = YES_AGGRESSIVE;
				CLANG_CXX_LANGUAGE_STANDARD = "gnu++17";
				CLANG_CXX_LIBRARY = "libc++";
				CLANG_ENABLE_MODULES = YES;
				CLANG_ENABLE_OBJC_ARC = YES;
				CLANG_ENABLE_OBJC_WEAK = YES;
				CLANG_WARN_BLOCK_CAPTURE_AUTORELEASING = YES;
				CLANG_WARN_BOOL_CONVERSION = YES;
				CLANG_WARN_COMMA = YES;
				CLANG_WARN_CONSTANT_CONVERSION = YES;
				CLANG_WARN_DEPRECATED_OBJC_IMPLEMENTATIONS = YES;
				CLANG_WARN_DIRECT_OBJC_ISA_USAGE = YES_ERROR;
				CLANG_WARN_DOCUMENTATION_COMMENTS = YES;
				CLANG_WARN_EMPTY_BODY = YES;
				CLANG_WARN_ENUM_CONVERSION = YES;
				CLANG_WARN_INFINITE_RECURSION = YES;
				CLANG_WARN_INT_CONVERSION = YES;
				CLANG_WARN_NON_LITERAL_NULL_CONVERSION = YES;
				CLANG_WARN_OBJC_IMPLICIT_RETAIN_SELF = YES;
				CLANG_WARN_OBJC_LITERAL_CONVERSION = YES;
				CLANG_WARN_OBJC_ROOT_CLASS = YES_ERROR;
				CLANG_WARN_QUOTED_INCLUDE_IN_FRAMEWORK_HEADER = YES;
				CLANG_WARN_RANGE_LOOP_ANALYSIS = YES;
				CLANG_WARN_STRICT_PROTOTYPES = YES;
				CLANG_WARN_SUSPICIOUS_MOVE = YES;
				CLANG_WARN_UNGUARDED_AVAILABILITY = YES_AGGRESSIVE;
				CLANG_WARN_UNREACHABLE_CODE = YES;
				CLANG_WARN__DUPLICATE_METHOD_MATCH = YES;
				COPY_PHASE_STRIP = NO;
				DEBUG_INFORMATION_FORMAT = dwarf;
				ENABLE_STRICT_OBJC_MSGSEND = YES;
				ENABLE_TESTABILITY = YES;
				GCC_C_LANGUAGE_STANDARD = gnu11;
				GCC_DYNAMIC_NO_PIC = NO;
				GCC_NO_COMMON_BLOCKS = YES;
				GCC_OPTIMIZATION_LEVEL = 0;
				GCC_PREPROCESSOR_DEFINITIONS = (
					"DEBUG=1",
					"$(inherited)",
				);
				GCC_WARN_64_TO_32_BIT_CONVERSION = YES;
				GCC_WARN_ABOUT_RETURN_TYPE = YES_ERROR;
				GCC_WARN_UNDECLARED_SELECTOR = YES;
				GCC_WARN_UNINITIALIZED_AUTOS = YES_AGGRESSIVE;
				GCC_WARN_UNUSED_FUNCTION = YES;
				GCC_WARN_UNUSED_VARIABLE = YES;
				IPHONEOS_DEPLOYMENT_TARGET = 13.0;
				MTL_ENABLE_DEBUG_INFO = INCLUDE_SOURCE;
				MTL_FAST_MATH = YES;
				ONLY_ACTIVE_ARCH = YES;
				SDKROOT = iphoneos;
				SWIFT_ACTIVE_COMPILATION_CONDITIONS = DEBUG;
				SWIFT_OPTIMIZATION_LEVEL = "-Onone";
			};
			name = Debug;
		};
		FDF1C1132748D49E00F08D2D /* Release */ = {
			isa = XCBuildConfiguration;
			buildSettings = {
				ALWAYS_SEARCH_USER_PATHS = NO;
				CLANG_ANALYZER_NONNULL = YES;
				CLANG_ANALYZER_NUMBER_OBJECT_CONVERSION = YES_AGGRESSIVE;
				CLANG_CXX_LANGUAGE_STANDARD = "gnu++17";
				CLANG_CXX_LIBRARY = "libc++";
				CLANG_ENABLE_MODULES = YES;
				CLANG_ENABLE_OBJC_ARC = YES;
				CLANG_ENABLE_OBJC_WEAK = YES;
				CLANG_WARN_BLOCK_CAPTURE_AUTORELEASING = YES;
				CLANG_WARN_BOOL_CONVERSION = YES;
				CLANG_WARN_COMMA = YES;
				CLANG_WARN_CONSTANT_CONVERSION = YES;
				CLANG_WARN_DEPRECATED_OBJC_IMPLEMENTATIONS = YES;
				CLANG_WARN_DIRECT_OBJC_ISA_USAGE = YES_ERROR;
				CLANG_WARN_DOCUMENTATION_COMMENTS = YES;
				CLANG_WARN_EMPTY_BODY = YES;
				CLANG_WARN_ENUM_CONVERSION = YES;
				CLANG_WARN_INFINITE_RECURSION = YES;
				CLANG_WARN_INT_CONVERSION = YES;
				CLANG_WARN_NON_LITERAL_NULL_CONVERSION = YES;
				CLANG_WARN_OBJC_IMPLICIT_RETAIN_SELF = YES;
				CLANG_WARN_OBJC_LITERAL_CONVERSION = YES;
				CLANG_WARN_OBJC_ROOT_CLASS = YES_ERROR;
				CLANG_WARN_QUOTED_INCLUDE_IN_FRAMEWORK_HEADER = YES;
				CLANG_WARN_RANGE_LOOP_ANALYSIS = YES;
				CLANG_WARN_STRICT_PROTOTYPES = YES;
				CLANG_WARN_SUSPICIOUS_MOVE = YES;
				CLANG_WARN_UNGUARDED_AVAILABILITY = YES_AGGRESSIVE;
				CLANG_WARN_UNREACHABLE_CODE = YES;
				CLANG_WARN__DUPLICATE_METHOD_MATCH = YES;
				COPY_PHASE_STRIP = NO;
				DEBUG_INFORMATION_FORMAT = "dwarf-with-dsym";
				ENABLE_NS_ASSERTIONS = NO;
				ENABLE_STRICT_OBJC_MSGSEND = YES;
				GCC_C_LANGUAGE_STANDARD = gnu11;
				GCC_NO_COMMON_BLOCKS = YES;
				GCC_WARN_64_TO_32_BIT_CONVERSION = YES;
				GCC_WARN_ABOUT_RETURN_TYPE = YES_ERROR;
				GCC_WARN_UNDECLARED_SELECTOR = YES;
				GCC_WARN_UNINITIALIZED_AUTOS = YES_AGGRESSIVE;
				GCC_WARN_UNUSED_FUNCTION = YES;
				GCC_WARN_UNUSED_VARIABLE = YES;
				IPHONEOS_DEPLOYMENT_TARGET = 13.0;
				MTL_ENABLE_DEBUG_INFO = NO;
				MTL_FAST_MATH = YES;
				SDKROOT = iphoneos;
				SWIFT_COMPILATION_MODE = wholemodule;
				SWIFT_OPTIMIZATION_LEVEL = "-O";
				VALIDATE_PRODUCT = YES;
			};
			name = Release;
		};
		FDF1C1152748D49E00F08D2D /* Debug */ = {
			isa = XCBuildConfiguration;
			baseConfigurationReference = E90EF2A2197C0C49AAB37C1D /* Pods-DRRLife.debug.xcconfig */;
			buildSettings = {
				ASSETCATALOG_COMPILER_APPICON_NAME = AppIcon;
				ASSETCATALOG_COMPILER_GLOBAL_ACCENT_COLOR_NAME = AccentColor;
				CODE_SIGN_STYLE = Automatic;
				CURRENT_PROJECT_VERSION = 1;
				DEVELOPMENT_TEAM = AVZ9493N69;
				GENERATE_INFOPLIST_FILE = YES;
				INFOPLIST_FILE = DRRLife/Info.plist;
				INFOPLIST_KEY_UIApplicationSupportsIndirectInputEvents = YES;
				INFOPLIST_KEY_UILaunchStoryboardName = LaunchScreen;
				INFOPLIST_KEY_UIMainStoryboardFile = Main;
				INFOPLIST_KEY_UISupportedInterfaceOrientations_iPad = "UIInterfaceOrientationPortrait UIInterfaceOrientationPortraitUpsideDown UIInterfaceOrientationLandscapeLeft UIInterfaceOrientationLandscapeRight";
				INFOPLIST_KEY_UISupportedInterfaceOrientations_iPhone = "UIInterfaceOrientationPortrait UIInterfaceOrientationLandscapeLeft UIInterfaceOrientationLandscapeRight";
				IPHONEOS_DEPLOYMENT_TARGET = 13.0;
				LD_RUNPATH_SEARCH_PATHS = (
					"$(inherited)",
					"@executable_path/Frameworks",
				);
				MARKETING_VERSION = 1.0;
				PRODUCT_BUNDLE_IDENTIFIER = com.miniOS.DRRLife;
				PRODUCT_NAME = "$(TARGET_NAME)";
				SWIFT_EMIT_LOC_STRINGS = YES;
				SWIFT_VERSION = 5.0;
				TARGETED_DEVICE_FAMILY = 1;
			};
			name = Debug;
		};
		FDF1C1162748D49E00F08D2D /* Release */ = {
			isa = XCBuildConfiguration;
			baseConfigurationReference = 11376A8324DD6FBA18A7E5B9 /* Pods-DRRLife.release.xcconfig */;
			buildSettings = {
				ASSETCATALOG_COMPILER_APPICON_NAME = AppIcon;
				ASSETCATALOG_COMPILER_GLOBAL_ACCENT_COLOR_NAME = AccentColor;
				CODE_SIGN_STYLE = Automatic;
				CURRENT_PROJECT_VERSION = 1;
				DEVELOPMENT_TEAM = AVZ9493N69;
				GENERATE_INFOPLIST_FILE = YES;
				INFOPLIST_FILE = DRRLife/Info.plist;
				INFOPLIST_KEY_UIApplicationSupportsIndirectInputEvents = YES;
				INFOPLIST_KEY_UILaunchStoryboardName = LaunchScreen;
				INFOPLIST_KEY_UIMainStoryboardFile = Main;
				INFOPLIST_KEY_UISupportedInterfaceOrientations_iPad = "UIInterfaceOrientationPortrait UIInterfaceOrientationPortraitUpsideDown UIInterfaceOrientationLandscapeLeft UIInterfaceOrientationLandscapeRight";
				INFOPLIST_KEY_UISupportedInterfaceOrientations_iPhone = "UIInterfaceOrientationPortrait UIInterfaceOrientationLandscapeLeft UIInterfaceOrientationLandscapeRight";
				IPHONEOS_DEPLOYMENT_TARGET = 13.0;
				LD_RUNPATH_SEARCH_PATHS = (
					"$(inherited)",
					"@executable_path/Frameworks",
				);
				MARKETING_VERSION = 1.0;
				PRODUCT_BUNDLE_IDENTIFIER = com.miniOS.DRRLife;
				PRODUCT_NAME = "$(TARGET_NAME)";
				SWIFT_EMIT_LOC_STRINGS = YES;
				SWIFT_VERSION = 5.0;
				TARGETED_DEVICE_FAMILY = 1;
			};
			name = Release;
		};
		FDF1C1182748D49E00F08D2D /* Debug */ = {
			isa = XCBuildConfiguration;
			baseConfigurationReference = 631554348187625C6869099C /* Pods-DRRLifeTests.debug.xcconfig */;
			buildSettings = {
				ALWAYS_EMBED_SWIFT_STANDARD_LIBRARIES = YES;
				BUNDLE_LOADER = "$(TEST_HOST)";
				CODE_SIGN_STYLE = Automatic;
				CURRENT_PROJECT_VERSION = 1;
				DEVELOPMENT_TEAM = AVZ9493N69;
				GENERATE_INFOPLIST_FILE = YES;
				IPHONEOS_DEPLOYMENT_TARGET = 15.0;
				LD_RUNPATH_SEARCH_PATHS = (
					"$(inherited)",
					"@executable_path/Frameworks",
					"@loader_path/Frameworks",
				);
				MARKETING_VERSION = 1.0;
				PRODUCT_BUNDLE_IDENTIFIER = com.miniOS.DRRLifeTests;
				PRODUCT_NAME = "$(TARGET_NAME)";
				SWIFT_EMIT_LOC_STRINGS = NO;
				SWIFT_VERSION = 5.0;
				TARGETED_DEVICE_FAMILY = "1,2";
				TEST_HOST = "$(BUILT_PRODUCTS_DIR)/DRRLife.app/DRRLife";
			};
			name = Debug;
		};
		FDF1C1192748D49E00F08D2D /* Release */ = {
			isa = XCBuildConfiguration;
			baseConfigurationReference = 1B265250634E3DDEBA525A6C /* Pods-DRRLifeTests.release.xcconfig */;
			buildSettings = {
				ALWAYS_EMBED_SWIFT_STANDARD_LIBRARIES = YES;
				BUNDLE_LOADER = "$(TEST_HOST)";
				CODE_SIGN_STYLE = Automatic;
				CURRENT_PROJECT_VERSION = 1;
				DEVELOPMENT_TEAM = AVZ9493N69;
				GENERATE_INFOPLIST_FILE = YES;
				IPHONEOS_DEPLOYMENT_TARGET = 15.0;
				LD_RUNPATH_SEARCH_PATHS = (
					"$(inherited)",
					"@executable_path/Frameworks",
					"@loader_path/Frameworks",
				);
				MARKETING_VERSION = 1.0;
				PRODUCT_BUNDLE_IDENTIFIER = com.miniOS.DRRLifeTests;
				PRODUCT_NAME = "$(TARGET_NAME)";
				SWIFT_EMIT_LOC_STRINGS = NO;
				SWIFT_VERSION = 5.0;
				TARGETED_DEVICE_FAMILY = "1,2";
				TEST_HOST = "$(BUILT_PRODUCTS_DIR)/DRRLife.app/DRRLife";
			};
			name = Release;
		};
		FDF1C11B2748D49E00F08D2D /* Debug */ = {
			isa = XCBuildConfiguration;
			baseConfigurationReference = 1DD17318981F67791F0105DE /* Pods-DRRLife-DRRLifeUITests.debug.xcconfig */;
			buildSettings = {
				ALWAYS_EMBED_SWIFT_STANDARD_LIBRARIES = YES;
				CODE_SIGN_STYLE = Automatic;
				CURRENT_PROJECT_VERSION = 1;
				DEVELOPMENT_TEAM = AVZ9493N69;
				GENERATE_INFOPLIST_FILE = YES;
				LD_RUNPATH_SEARCH_PATHS = (
					"$(inherited)",
					"@executable_path/Frameworks",
					"@loader_path/Frameworks",
				);
				MARKETING_VERSION = 1.0;
				PRODUCT_BUNDLE_IDENTIFIER = com.miniOS.DRRLifeUITests;
				PRODUCT_NAME = "$(TARGET_NAME)";
				SWIFT_EMIT_LOC_STRINGS = NO;
				SWIFT_VERSION = 5.0;
				TARGETED_DEVICE_FAMILY = "1,2";
				TEST_TARGET_NAME = DRRLife;
			};
			name = Debug;
		};
		FDF1C11C2748D49E00F08D2D /* Release */ = {
			isa = XCBuildConfiguration;
			baseConfigurationReference = 536B487AD37AD04E3D780830 /* Pods-DRRLife-DRRLifeUITests.release.xcconfig */;
			buildSettings = {
				ALWAYS_EMBED_SWIFT_STANDARD_LIBRARIES = YES;
				CODE_SIGN_STYLE = Automatic;
				CURRENT_PROJECT_VERSION = 1;
				DEVELOPMENT_TEAM = AVZ9493N69;
				GENERATE_INFOPLIST_FILE = YES;
				LD_RUNPATH_SEARCH_PATHS = (
					"$(inherited)",
					"@executable_path/Frameworks",
					"@loader_path/Frameworks",
				);
				MARKETING_VERSION = 1.0;
				PRODUCT_BUNDLE_IDENTIFIER = com.miniOS.DRRLifeUITests;
				PRODUCT_NAME = "$(TARGET_NAME)";
				SWIFT_EMIT_LOC_STRINGS = NO;
				SWIFT_VERSION = 5.0;
				TARGETED_DEVICE_FAMILY = "1,2";
				TEST_TARGET_NAME = DRRLife;
			};
			name = Release;
		};
/* End XCBuildConfiguration section */

/* Begin XCConfigurationList section */
		FDF1C0E52748D49A00F08D2D /* Build configuration list for PBXProject "DRRLife" */ = {
			isa = XCConfigurationList;
			buildConfigurations = (
				FDF1C1122748D49E00F08D2D /* Debug */,
				FDF1C1132748D49E00F08D2D /* Release */,
			);
			defaultConfigurationIsVisible = 0;
			defaultConfigurationName = Release;
		};
		FDF1C1142748D49E00F08D2D /* Build configuration list for PBXNativeTarget "DRRLife" */ = {
			isa = XCConfigurationList;
			buildConfigurations = (
				FDF1C1152748D49E00F08D2D /* Debug */,
				FDF1C1162748D49E00F08D2D /* Release */,
			);
			defaultConfigurationIsVisible = 0;
			defaultConfigurationName = Release;
		};
		FDF1C1172748D49E00F08D2D /* Build configuration list for PBXNativeTarget "DRRLifeTests" */ = {
			isa = XCConfigurationList;
			buildConfigurations = (
				FDF1C1182748D49E00F08D2D /* Debug */,
				FDF1C1192748D49E00F08D2D /* Release */,
			);
			defaultConfigurationIsVisible = 0;
			defaultConfigurationName = Release;
		};
		FDF1C11A2748D49E00F08D2D /* Build configuration list for PBXNativeTarget "DRRLifeUITests" */ = {
			isa = XCConfigurationList;
			buildConfigurations = (
				FDF1C11B2748D49E00F08D2D /* Debug */,
				FDF1C11C2748D49E00F08D2D /* Release */,
			);
			defaultConfigurationIsVisible = 0;
			defaultConfigurationName = Release;
		};
/* End XCConfigurationList section */
	};
	rootObject = FDF1C0E22748D49A00F08D2D /* Project object */;
}
