// !$*UTF8*$!
{
	archiveVersion = 1;
	classes = {
	};
	objectVersion = 55;
	objects = {

/* Begin PBXBuildFile section */
		28B14E321D1D6BF9715B50E5 /* Pods_DRRLife.framework in Frameworks */ = {isa = PBXBuildFile; fileRef = 8F1F9F65B3BC5F76512AFD84 /* Pods_DRRLife.framework */; };
		748F149C59F1232FC3B668C6 /* Pods_DRRLife_DRRLifeUITests.framework in Frameworks */ = {isa = PBXBuildFile; fileRef = 2CB6FFE9358658DF5104253E /* Pods_DRRLife_DRRLifeUITests.framework */; };
		B52297FB27528C3F00BCEB89 /* Localizable.strings in Resources */ = {isa = PBXBuildFile; fileRef = B52297FD27528C3F00BCEB89 /* Localizable.strings */; };
		B565B443275B8EF8005BC7AC /* KakaoLocal.swift in Sources */ = {isa = PBXBuildFile; fileRef = B565B442275B8EF8005BC7AC /* KakaoLocal.swift */; };
		B56A32AF2752752300843975 /* AppDelegate.swift in Sources */ = {isa = PBXBuildFile; fileRef = B56A32AE2752752300843975 /* AppDelegate.swift */; };
		B56A32B12752752300843975 /* SceneDelegate.swift in Sources */ = {isa = PBXBuildFile; fileRef = B56A32B02752752300843975 /* SceneDelegate.swift */; };
		B56A32B32752752300843975 /* ViewController.swift in Sources */ = {isa = PBXBuildFile; fileRef = B56A32B22752752300843975 /* ViewController.swift */; };
		B56A32B82752752300843975 /* Assets.xcassets in Resources */ = {isa = PBXBuildFile; fileRef = B56A32B72752752300843975 /* Assets.xcassets */; };
		B56A32BB2752752300843975 /* LaunchScreen.storyboard in Resources */ = {isa = PBXBuildFile; fileRef = B56A32B92752752300843975 /* LaunchScreen.storyboard */; };
		B56A32C62752752300843975 /* DRRLifeTests.swift in Sources */ = {isa = PBXBuildFile; fileRef = B56A32C52752752300843975 /* DRRLifeTests.swift */; };
		B56A32D02752752300843975 /* DRRLifeUITests.swift in Sources */ = {isa = PBXBuildFile; fileRef = B56A32CF2752752300843975 /* DRRLifeUITests.swift */; };
		B56A32D22752752300843975 /* DRRLifeUITestsLaunchTests.swift in Sources */ = {isa = PBXBuildFile; fileRef = B56A32D12752752300843975 /* DRRLifeUITestsLaunchTests.swift */; };
		B56A32E72752763200843975 /* NanumSquareL.ttf in Resources */ = {isa = PBXBuildFile; fileRef = B56A32E32752763200843975 /* NanumSquareL.ttf */; };
		B56A32E82752763200843975 /* NanumSquareB.ttf in Resources */ = {isa = PBXBuildFile; fileRef = B56A32E42752763200843975 /* NanumSquareB.ttf */; };
		B56A32E92752763200843975 /* NanumSquareEB.ttf in Resources */ = {isa = PBXBuildFile; fileRef = B56A32E52752763200843975 /* NanumSquareEB.ttf */; };
		B56A32EA2752763200843975 /* NanumSquareR.ttf in Resources */ = {isa = PBXBuildFile; fileRef = B56A32E62752763200843975 /* NanumSquareR.ttf */; };
		B56A32F1275276C000843975 /* MapViewController.swift in Sources */ = {isa = PBXBuildFile; fileRef = B56A32F0275276C000843975 /* MapViewController.swift */; };
		B56A32F3275276C800843975 /* RouteInputViewController.swift in Sources */ = {isa = PBXBuildFile; fileRef = B56A32F2275276C800843975 /* RouteInputViewController.swift */; };
		B56A32F5275276D000843975 /* LocationInfoViewController.swift in Sources */ = {isa = PBXBuildFile; fileRef = B56A32F4275276D000843975 /* LocationInfoViewController.swift */; };
		B56A32FA275276D800843975 /* SearchTableViewCell.swift in Sources */ = {isa = PBXBuildFile; fileRef = B56A32F6275276D800843975 /* SearchTableViewCell.swift */; };
		B56A32FB275276D800843975 /* Model.swift in Sources */ = {isa = PBXBuildFile; fileRef = B56A32F7275276D800843975 /* Model.swift */; };
		B56A32FC275276D800843975 /* SearchTableViewCell.xib in Resources */ = {isa = PBXBuildFile; fileRef = B56A32F8275276D800843975 /* SearchTableViewCell.xib */; };
		B56A32FD275276D800843975 /* SearchViewController.swift in Sources */ = {isa = PBXBuildFile; fileRef = B56A32F9275276D800843975 /* SearchViewController.swift */; };
		B56A330B2752771400843975 /* UIView+Snapkit.swift in Sources */ = {isa = PBXBuildFile; fileRef = B56A33012752771400843975 /* UIView+Snapkit.swift */; };
		B56A330C2752771400843975 /* UIViewController.swift in Sources */ = {isa = PBXBuildFile; fileRef = B56A33022752771400843975 /* UIViewController.swift */; };
		B56A330D2752771400843975 /* Localize.swift in Sources */ = {isa = PBXBuildFile; fileRef = B56A33032752771400843975 /* Localize.swift */; };
		B56A330E2752771400843975 /* UIColor.swift in Sources */ = {isa = PBXBuildFile; fileRef = B56A33042752771400843975 /* UIColor.swift */; };
		B56A330F2752771400843975 /* UITextField.swift in Sources */ = {isa = PBXBuildFile; fileRef = B56A33052752771400843975 /* UITextField.swift */; };
		B56A33102752771400843975 /* DRRLife++Bundle.swift in Sources */ = {isa = PBXBuildFile; fileRef = B56A33062752771400843975 /* DRRLife++Bundle.swift */; };
		B56A33112752771400843975 /* UIButton.swift in Sources */ = {isa = PBXBuildFile; fileRef = B56A33072752771400843975 /* UIButton.swift */; };
		B56A33122752771400843975 /* UILabel.swift in Sources */ = {isa = PBXBuildFile; fileRef = B56A33082752771400843975 /* UILabel.swift */; };
		B56A33132752771400843975 /* UIFont.swift in Sources */ = {isa = PBXBuildFile; fileRef = B56A33092752771400843975 /* UIFont.swift */; };
		B56A33142752771400843975 /* CALayer.swift in Sources */ = {isa = PBXBuildFile; fileRef = B56A330A2752771400843975 /* CALayer.swift */; };
		B585C0582758B02600BADDDC /* Marker.swift in Sources */ = {isa = PBXBuildFile; fileRef = B585C0572758B02600BADDDC /* Marker.swift */; };
		B5B03AB827527D60008DB5C9 /* APIKeys.plist in Resources */ = {isa = PBXBuildFile; fileRef = B5B03AB727527D60008DB5C9 /* APIKeys.plist */; };
		B5B03ABA27527E0D008DB5C9 /* ConverType.swift in Sources */ = {isa = PBXBuildFile; fileRef = B5B03AB927527E0D008DB5C9 /* ConverType.swift */; };
		B5BBCCDA2754BD630009C0EA /* OpenRoute.swift in Sources */ = {isa = PBXBuildFile; fileRef = B5BBCCD92754BD630009C0EA /* OpenRoute.swift */; };
		B5BBCCDC2754CC680009C0EA /* launchImage.jpeg in Resources */ = {isa = PBXBuildFile; fileRef = B5BBCCDB2754CC680009C0EA /* launchImage.jpeg */; };
		B5BBCCDF275610B70009C0EA /* RouteInfoViewController.swift in Sources */ = {isa = PBXBuildFile; fileRef = B5BBCCDE275610B70009C0EA /* RouteInfoViewController.swift */; };
		C6A3F33113FB58A7D25BF47F /* Pods_DRRLifeTests.framework in Frameworks */ = {isa = PBXBuildFile; fileRef = 492F05532B77F3124BBBAF2D /* Pods_DRRLifeTests.framework */; };
/* End PBXBuildFile section */

/* Begin PBXContainerItemProxy section */
		B56A32C22752752300843975 /* PBXContainerItemProxy */ = {
			isa = PBXContainerItemProxy;
			containerPortal = B56A32A32752752300843975 /* Project object */;
			proxyType = 1;
			remoteGlobalIDString = B56A32AA2752752300843975;
			remoteInfo = DRRLife;
		};
		B56A32CC2752752300843975 /* PBXContainerItemProxy */ = {
			isa = PBXContainerItemProxy;
			containerPortal = B56A32A32752752300843975 /* Project object */;
			proxyType = 1;
			remoteGlobalIDString = B56A32AA2752752300843975;
			remoteInfo = DRRLife;
		};
/* End PBXContainerItemProxy section */

/* Begin PBXFileReference section */
		2CB6FFE9358658DF5104253E /* Pods_DRRLife_DRRLifeUITests.framework */ = {isa = PBXFileReference; explicitFileType = wrapper.framework; includeInIndex = 0; path = Pods_DRRLife_DRRLifeUITests.framework; sourceTree = BUILT_PRODUCTS_DIR; };
		492F05532B77F3124BBBAF2D /* Pods_DRRLifeTests.framework */ = {isa = PBXFileReference; explicitFileType = wrapper.framework; includeInIndex = 0; path = Pods_DRRLifeTests.framework; sourceTree = BUILT_PRODUCTS_DIR; };
		50392489B2FF2C235EC0EA4E /* Pods-DRRLifeTests.release.xcconfig */ = {isa = PBXFileReference; includeInIndex = 1; lastKnownFileType = text.xcconfig; name = "Pods-DRRLifeTests.release.xcconfig"; path = "Target Support Files/Pods-DRRLifeTests/Pods-DRRLifeTests.release.xcconfig"; sourceTree = "<group>"; };
		8F1F9F65B3BC5F76512AFD84 /* Pods_DRRLife.framework */ = {isa = PBXFileReference; explicitFileType = wrapper.framework; includeInIndex = 0; path = Pods_DRRLife.framework; sourceTree = BUILT_PRODUCTS_DIR; };
		A346DCE60A6D73A8E0B1D705 /* Pods-DRRLifeTests.debug.xcconfig */ = {isa = PBXFileReference; includeInIndex = 1; lastKnownFileType = text.xcconfig; name = "Pods-DRRLifeTests.debug.xcconfig"; path = "Target Support Files/Pods-DRRLifeTests/Pods-DRRLifeTests.debug.xcconfig"; sourceTree = "<group>"; };
		A8E0DA35B561CE5E4778FE87 /* Pods-DRRLife.release.xcconfig */ = {isa = PBXFileReference; includeInIndex = 1; lastKnownFileType = text.xcconfig; name = "Pods-DRRLife.release.xcconfig"; path = "Target Support Files/Pods-DRRLife/Pods-DRRLife.release.xcconfig"; sourceTree = "<group>"; };
		B52297FC27528C3F00BCEB89 /* en */ = {isa = PBXFileReference; lastKnownFileType = text.plist.strings; name = en; path = en.lproj/Localizable.strings; sourceTree = "<group>"; };
		B52297FE27528C9B00BCEB89 /* ko */ = {isa = PBXFileReference; lastKnownFileType = text.plist.strings; name = ko; path = ko.lproj/LaunchScreen.strings; sourceTree = "<group>"; };
		B52297FF27528C9B00BCEB89 /* ko */ = {isa = PBXFileReference; lastKnownFileType = text.plist.strings; name = ko; path = ko.lproj/Localizable.strings; sourceTree = "<group>"; };
		B565B442275B8EF8005BC7AC /* KakaoLocal.swift */ = {isa = PBXFileReference; lastKnownFileType = sourcecode.swift; path = KakaoLocal.swift; sourceTree = "<group>"; };
		B56A32AB2752752300843975 /* DRRLife.app */ = {isa = PBXFileReference; explicitFileType = wrapper.application; includeInIndex = 0; path = DRRLife.app; sourceTree = BUILT_PRODUCTS_DIR; };
		B56A32AE2752752300843975 /* AppDelegate.swift */ = {isa = PBXFileReference; lastKnownFileType = sourcecode.swift; path = AppDelegate.swift; sourceTree = "<group>"; };
		B56A32B02752752300843975 /* SceneDelegate.swift */ = {isa = PBXFileReference; lastKnownFileType = sourcecode.swift; path = SceneDelegate.swift; sourceTree = "<group>"; };
		B56A32B22752752300843975 /* ViewController.swift */ = {isa = PBXFileReference; lastKnownFileType = sourcecode.swift; path = ViewController.swift; sourceTree = "<group>"; };
		B56A32B72752752300843975 /* Assets.xcassets */ = {isa = PBXFileReference; lastKnownFileType = folder.assetcatalog; path = Assets.xcassets; sourceTree = "<group>"; };
		B56A32BA2752752300843975 /* Base */ = {isa = PBXFileReference; lastKnownFileType = file.storyboard; name = Base; path = Base.lproj/LaunchScreen.storyboard; sourceTree = "<group>"; };
		B56A32BC2752752300843975 /* Info.plist */ = {isa = PBXFileReference; lastKnownFileType = text.plist.xml; path = Info.plist; sourceTree = "<group>"; };
		B56A32C12752752300843975 /* DRRLifeTests.xctest */ = {isa = PBXFileReference; explicitFileType = wrapper.cfbundle; includeInIndex = 0; path = DRRLifeTests.xctest; sourceTree = BUILT_PRODUCTS_DIR; };
		B56A32C52752752300843975 /* DRRLifeTests.swift */ = {isa = PBXFileReference; lastKnownFileType = sourcecode.swift; path = DRRLifeTests.swift; sourceTree = "<group>"; };
		B56A32CB2752752300843975 /* DRRLifeUITests.xctest */ = {isa = PBXFileReference; explicitFileType = wrapper.cfbundle; includeInIndex = 0; path = DRRLifeUITests.xctest; sourceTree = BUILT_PRODUCTS_DIR; };
		B56A32CF2752752300843975 /* DRRLifeUITests.swift */ = {isa = PBXFileReference; lastKnownFileType = sourcecode.swift; path = DRRLifeUITests.swift; sourceTree = "<group>"; };
		B56A32D12752752300843975 /* DRRLifeUITestsLaunchTests.swift */ = {isa = PBXFileReference; lastKnownFileType = sourcecode.swift; path = DRRLifeUITestsLaunchTests.swift; sourceTree = "<group>"; };
		B56A32E32752763200843975 /* NanumSquareL.ttf */ = {isa = PBXFileReference; lastKnownFileType = file; path = NanumSquareL.ttf; sourceTree = "<group>"; };
		B56A32E42752763200843975 /* NanumSquareB.ttf */ = {isa = PBXFileReference; lastKnownFileType = file; path = NanumSquareB.ttf; sourceTree = "<group>"; };
		B56A32E52752763200843975 /* NanumSquareEB.ttf */ = {isa = PBXFileReference; lastKnownFileType = file; path = NanumSquareEB.ttf; sourceTree = "<group>"; };
		B56A32E62752763200843975 /* NanumSquareR.ttf */ = {isa = PBXFileReference; lastKnownFileType = file; path = NanumSquareR.ttf; sourceTree = "<group>"; };
		B56A32F0275276C000843975 /* MapViewController.swift */ = {isa = PBXFileReference; fileEncoding = 4; lastKnownFileType = sourcecode.swift; path = MapViewController.swift; sourceTree = "<group>"; };
		B56A32F2275276C800843975 /* RouteInputViewController.swift */ = {isa = PBXFileReference; fileEncoding = 4; lastKnownFileType = sourcecode.swift; path = RouteInputViewController.swift; sourceTree = "<group>"; };
		B56A32F4275276D000843975 /* LocationInfoViewController.swift */ = {isa = PBXFileReference; fileEncoding = 4; lastKnownFileType = sourcecode.swift; path = LocationInfoViewController.swift; sourceTree = "<group>"; };
		B56A32F6275276D800843975 /* SearchTableViewCell.swift */ = {isa = PBXFileReference; fileEncoding = 4; lastKnownFileType = sourcecode.swift; path = SearchTableViewCell.swift; sourceTree = "<group>"; };
		B56A32F7275276D800843975 /* Model.swift */ = {isa = PBXFileReference; fileEncoding = 4; lastKnownFileType = sourcecode.swift; path = Model.swift; sourceTree = "<group>"; };
		B56A32F8275276D800843975 /* SearchTableViewCell.xib */ = {isa = PBXFileReference; fileEncoding = 4; lastKnownFileType = file.xib; path = SearchTableViewCell.xib; sourceTree = "<group>"; };
		B56A32F9275276D800843975 /* SearchViewController.swift */ = {isa = PBXFileReference; fileEncoding = 4; lastKnownFileType = sourcecode.swift; path = SearchViewController.swift; sourceTree = "<group>"; };
		B56A33012752771400843975 /* UIView+Snapkit.swift */ = {isa = PBXFileReference; fileEncoding = 4; lastKnownFileType = sourcecode.swift; path = "UIView+Snapkit.swift"; sourceTree = "<group>"; };
		B56A33022752771400843975 /* UIViewController.swift */ = {isa = PBXFileReference; fileEncoding = 4; lastKnownFileType = sourcecode.swift; path = UIViewController.swift; sourceTree = "<group>"; };
		B56A33032752771400843975 /* Localize.swift */ = {isa = PBXFileReference; fileEncoding = 4; lastKnownFileType = sourcecode.swift; path = Localize.swift; sourceTree = "<group>"; };
		B56A33042752771400843975 /* UIColor.swift */ = {isa = PBXFileReference; fileEncoding = 4; lastKnownFileType = sourcecode.swift; path = UIColor.swift; sourceTree = "<group>"; };
		B56A33052752771400843975 /* UITextField.swift */ = {isa = PBXFileReference; fileEncoding = 4; lastKnownFileType = sourcecode.swift; path = UITextField.swift; sourceTree = "<group>"; };
		B56A33062752771400843975 /* DRRLife++Bundle.swift */ = {isa = PBXFileReference; fileEncoding = 4; lastKnownFileType = sourcecode.swift; path = "DRRLife++Bundle.swift"; sourceTree = "<group>"; };
		B56A33072752771400843975 /* UIButton.swift */ = {isa = PBXFileReference; fileEncoding = 4; lastKnownFileType = sourcecode.swift; path = UIButton.swift; sourceTree = "<group>"; };
		B56A33082752771400843975 /* UILabel.swift */ = {isa = PBXFileReference; fileEncoding = 4; lastKnownFileType = sourcecode.swift; path = UILabel.swift; sourceTree = "<group>"; };
		B56A33092752771400843975 /* UIFont.swift */ = {isa = PBXFileReference; fileEncoding = 4; lastKnownFileType = sourcecode.swift; path = UIFont.swift; sourceTree = "<group>"; };
		B56A330A2752771400843975 /* CALayer.swift */ = {isa = PBXFileReference; fileEncoding = 4; lastKnownFileType = sourcecode.swift; path = CALayer.swift; sourceTree = "<group>"; };
		B585C0572758B02600BADDDC /* Marker.swift */ = {isa = PBXFileReference; lastKnownFileType = sourcecode.swift; path = Marker.swift; sourceTree = "<group>"; };
		B5B03AB727527D60008DB5C9 /* APIKeys.plist */ = {isa = PBXFileReference; fileEncoding = 4; lastKnownFileType = text.plist.xml; path = APIKeys.plist; sourceTree = "<group>"; };
		B5B03AB927527E0D008DB5C9 /* ConverType.swift */ = {isa = PBXFileReference; lastKnownFileType = sourcecode.swift; path = ConverType.swift; sourceTree = "<group>"; };
		B5BBCCD92754BD630009C0EA /* OpenRoute.swift */ = {isa = PBXFileReference; lastKnownFileType = sourcecode.swift; path = OpenRoute.swift; sourceTree = "<group>"; };
		B5BBCCDB2754CC680009C0EA /* launchImage.jpeg */ = {isa = PBXFileReference; lastKnownFileType = image.jpeg; path = launchImage.jpeg; sourceTree = "<group>"; };
		B5BBCCDE275610B70009C0EA /* RouteInfoViewController.swift */ = {isa = PBXFileReference; lastKnownFileType = sourcecode.swift; path = RouteInfoViewController.swift; sourceTree = "<group>"; };
		BDC950A4A3948B7D2D3D1061 /* Pods-DRRLife.debug.xcconfig */ = {isa = PBXFileReference; includeInIndex = 1; lastKnownFileType = text.xcconfig; name = "Pods-DRRLife.debug.xcconfig"; path = "Target Support Files/Pods-DRRLife/Pods-DRRLife.debug.xcconfig"; sourceTree = "<group>"; };
		CF32F3E62971C9DCE6BB9883 /* Pods-DRRLife-DRRLifeUITests.debug.xcconfig */ = {isa = PBXFileReference; includeInIndex = 1; lastKnownFileType = text.xcconfig; name = "Pods-DRRLife-DRRLifeUITests.debug.xcconfig"; path = "Target Support Files/Pods-DRRLife-DRRLifeUITests/Pods-DRRLife-DRRLifeUITests.debug.xcconfig"; sourceTree = "<group>"; };
		DEBBA80BE57F86CA49270660 /* Pods-DRRLife-DRRLifeUITests.release.xcconfig */ = {isa = PBXFileReference; includeInIndex = 1; lastKnownFileType = text.xcconfig; name = "Pods-DRRLife-DRRLifeUITests.release.xcconfig"; path = "Target Support Files/Pods-DRRLife-DRRLifeUITests/Pods-DRRLife-DRRLifeUITests.release.xcconfig"; sourceTree = "<group>"; };
/* End PBXFileReference section */

/* Begin PBXFrameworksBuildPhase section */
		B56A32A82752752300843975 /* Frameworks */ = {
			isa = PBXFrameworksBuildPhase;
			buildActionMask = 2147483647;
			files = (
				28B14E321D1D6BF9715B50E5 /* Pods_DRRLife.framework in Frameworks */,
			);
			runOnlyForDeploymentPostprocessing = 0;
		};
		B56A32BE2752752300843975 /* Frameworks */ = {
			isa = PBXFrameworksBuildPhase;
			buildActionMask = 2147483647;
			files = (
				C6A3F33113FB58A7D25BF47F /* Pods_DRRLifeTests.framework in Frameworks */,
			);
			runOnlyForDeploymentPostprocessing = 0;
		};
		B56A32C82752752300843975 /* Frameworks */ = {
			isa = PBXFrameworksBuildPhase;
			buildActionMask = 2147483647;
			files = (
				748F149C59F1232FC3B668C6 /* Pods_DRRLife_DRRLifeUITests.framework in Frameworks */,
			);
			runOnlyForDeploymentPostprocessing = 0;
		};
/* End PBXFrameworksBuildPhase section */

/* Begin PBXGroup section */
		01ADAF51FB34DC7ED187F1AB /* Frameworks */ = {
			isa = PBXGroup;
			children = (
				8F1F9F65B3BC5F76512AFD84 /* Pods_DRRLife.framework */,
				2CB6FFE9358658DF5104253E /* Pods_DRRLife_DRRLifeUITests.framework */,
				492F05532B77F3124BBBAF2D /* Pods_DRRLifeTests.framework */,
			);
			name = Frameworks;
			sourceTree = "<group>";
		};
		A1289EA8B4D1D2DC429CCDDE /* Pods */ = {
			isa = PBXGroup;
			children = (
				BDC950A4A3948B7D2D3D1061 /* Pods-DRRLife.debug.xcconfig */,
				A8E0DA35B561CE5E4778FE87 /* Pods-DRRLife.release.xcconfig */,
				CF32F3E62971C9DCE6BB9883 /* Pods-DRRLife-DRRLifeUITests.debug.xcconfig */,
				DEBBA80BE57F86CA49270660 /* Pods-DRRLife-DRRLifeUITests.release.xcconfig */,
				A346DCE60A6D73A8E0B1D705 /* Pods-DRRLifeTests.debug.xcconfig */,
				50392489B2FF2C235EC0EA4E /* Pods-DRRLifeTests.release.xcconfig */,
			);
			path = Pods;
			sourceTree = "<group>";
		};
		B56A32A22752752300843975 = {
			isa = PBXGroup;
			children = (
				B56A32AD2752752300843975 /* DRRLife */,
				B56A32C42752752300843975 /* DRRLifeTests */,
				B56A32CE2752752300843975 /* DRRLifeUITests */,
				B56A32AC2752752300843975 /* Products */,
				A1289EA8B4D1D2DC429CCDDE /* Pods */,
				01ADAF51FB34DC7ED187F1AB /* Frameworks */,
			);
			sourceTree = "<group>";
		};
		B56A32AC2752752300843975 /* Products */ = {
			isa = PBXGroup;
			children = (
				B56A32AB2752752300843975 /* DRRLife.app */,
				B56A32C12752752300843975 /* DRRLifeTests.xctest */,
				B56A32CB2752752300843975 /* DRRLifeUITests.xctest */,
			);
			name = Products;
			sourceTree = "<group>";
		};
		B56A32AD2752752300843975 /* DRRLife */ = {
			isa = PBXGroup;
			children = (
				B5BBCCDB2754CC680009C0EA /* launchImage.jpeg */,
				B5BBCCD82754BD440009C0EA /* Model */,
				B56A33002752770600843975 /* Extension */,
				B56A32AE2752752300843975 /* AppDelegate.swift */,
				B56A32B02752752300843975 /* SceneDelegate.swift */,
				B56A32E12752760A00843975 /* View */,
				B56A32DE275275A000843975 /* Source */,
				B56A32BC2752752300843975 /* Info.plist */,
			);
			path = DRRLife;
			sourceTree = "<group>";
		};
		B56A32C42752752300843975 /* DRRLifeTests */ = {
			isa = PBXGroup;
			children = (
				B56A32C52752752300843975 /* DRRLifeTests.swift */,
			);
			path = DRRLifeTests;
			sourceTree = "<group>";
		};
		B56A32CE2752752300843975 /* DRRLifeUITests */ = {
			isa = PBXGroup;
			children = (
				B56A32CF2752752300843975 /* DRRLifeUITests.swift */,
				B56A32D12752752300843975 /* DRRLifeUITestsLaunchTests.swift */,
			);
			path = DRRLifeUITests;
			sourceTree = "<group>";
		};
		B56A32DE275275A000843975 /* Source */ = {
			isa = PBXGroup;
			children = (
				B5B03AB727527D60008DB5C9 /* APIKeys.plist */,
				B56A32E22752762400843975 /* Font */,
				B56A32B72752752300843975 /* Assets.xcassets */,
				B52297FD27528C3F00BCEB89 /* Localizable.strings */,
			);
			path = Source;
			sourceTree = "<group>";
		};
		B56A32E12752760A00843975 /* View */ = {
			isa = PBXGroup;
			children = (
				B56A32FF275276EF00843975 /* Main */,
				B56A32FE275276E500843975 /* LaunchScreen */,
				B56A32EB2752768D00843975 /* Module */,
			);
			path = View;
			sourceTree = "<group>";
		};
		B56A32E22752762400843975 /* Font */ = {
			isa = PBXGroup;
			children = (
				B56A32E42752763200843975 /* NanumSquareB.ttf */,
				B56A32E52752763200843975 /* NanumSquareEB.ttf */,
				B56A32E32752763200843975 /* NanumSquareL.ttf */,
				B56A32E62752763200843975 /* NanumSquareR.ttf */,
			);
			path = Font;
			sourceTree = "<group>";
		};
		B56A32EB2752768D00843975 /* Module */ = {
			isa = PBXGroup;
			children = (
				B5BBCCDD275610720009C0EA /* RouteInfo */,
				B56A32ED275276A400843975 /* Map */,
				B56A32EE275276AA00843975 /* RouteInput */,
				B56A32EF275276B000843975 /* Search */,
				B56A32EC2752769900843975 /* LocationInfo */,
			);
			path = Module;
			sourceTree = "<group>";
		};
		B56A32EC2752769900843975 /* LocationInfo */ = {
			isa = PBXGroup;
			children = (
				B56A32F4275276D000843975 /* LocationInfoViewController.swift */,
			);
			path = LocationInfo;
			sourceTree = "<group>";
		};
		B56A32ED275276A400843975 /* Map */ = {
			isa = PBXGroup;
			children = (
				B56A32F0275276C000843975 /* MapViewController.swift */,
			);
			path = Map;
			sourceTree = "<group>";
		};
		B56A32EE275276AA00843975 /* RouteInput */ = {
			isa = PBXGroup;
			children = (
				B56A32F2275276C800843975 /* RouteInputViewController.swift */,
			);
			path = RouteInput;
			sourceTree = "<group>";
		};
		B56A32EF275276B000843975 /* Search */ = {
			isa = PBXGroup;
			children = (
				B56A32F6275276D800843975 /* SearchTableViewCell.swift */,
				B56A32F8275276D800843975 /* SearchTableViewCell.xib */,
				B56A32F9275276D800843975 /* SearchViewController.swift */,
			);
			path = Search;
			sourceTree = "<group>";
		};
		B56A32FE275276E500843975 /* LaunchScreen */ = {
			isa = PBXGroup;
			children = (
				B56A32B92752752300843975 /* LaunchScreen.storyboard */,
			);
			path = LaunchScreen;
			sourceTree = "<group>";
		};
		B56A32FF275276EF00843975 /* Main */ = {
			isa = PBXGroup;
			children = (
				B56A32B22752752300843975 /* ViewController.swift */,
			);
			path = Main;
			sourceTree = "<group>";
		};
		B56A33002752770600843975 /* Extension */ = {
			isa = PBXGroup;
			children = (
				B56A33062752771400843975 /* DRRLife++Bundle.swift */,
				B5B03AB927527E0D008DB5C9 /* ConverType.swift */,
				B56A330A2752771400843975 /* CALayer.swift */,
				B56A33032752771400843975 /* Localize.swift */,
				B56A33072752771400843975 /* UIButton.swift */,
				B56A33042752771400843975 /* UIColor.swift */,
				B56A33092752771400843975 /* UIFont.swift */,
				B56A33082752771400843975 /* UILabel.swift */,
				B56A33052752771400843975 /* UITextField.swift */,
				B56A33012752771400843975 /* UIView+Snapkit.swift */,
				B56A33022752771400843975 /* UIViewController.swift */,
			);
			path = Extension;
			sourceTree = "<group>";
		};
		B5BBCCD82754BD440009C0EA /* Model */ = {
			isa = PBXGroup;
			children = (
				B56A32F7275276D800843975 /* Model.swift */,
				B5BBCCD92754BD630009C0EA /* OpenRoute.swift */,
				B585C0572758B02600BADDDC /* Marker.swift */,
				B565B442275B8EF8005BC7AC /* KakaoLocal.swift */,
			);
			path = Model;
			sourceTree = "<group>";
		};
		B5BBCCDD275610720009C0EA /* RouteInfo */ = {
			isa = PBXGroup;
			children = (
				B5BBCCDE275610B70009C0EA /* RouteInfoViewController.swift */,
			);
			path = RouteInfo;
			sourceTree = "<group>";
		};
/* End PBXGroup section */

/* Begin PBXNativeTarget section */
		B56A32AA2752752300843975 /* DRRLife */ = {
			isa = PBXNativeTarget;
			buildConfigurationList = B56A32D52752752300843975 /* Build configuration list for PBXNativeTarget "DRRLife" */;
			buildPhases = (
				87CC6209B67E4B5708FEBA3E /* [CP] Check Pods Manifest.lock */,
				B56A32A72752752300843975 /* Sources */,
				B56A32A82752752300843975 /* Frameworks */,
				B56A32A92752752300843975 /* Resources */,
				85709EFFAF7793F62E2443E0 /* [CP] Embed Pods Frameworks */,
			);
			buildRules = (
			);
			dependencies = (
			);
			name = DRRLife;
			productName = DRRLife;
			productReference = B56A32AB2752752300843975 /* DRRLife.app */;
			productType = "com.apple.product-type.application";
		};
		B56A32C02752752300843975 /* DRRLifeTests */ = {
			isa = PBXNativeTarget;
			buildConfigurationList = B56A32D82752752300843975 /* Build configuration list for PBXNativeTarget "DRRLifeTests" */;
			buildPhases = (
				AAA319E7B23E546B17DBCB5A /* [CP] Check Pods Manifest.lock */,
				B56A32BD2752752300843975 /* Sources */,
				B56A32BE2752752300843975 /* Frameworks */,
				B56A32BF2752752300843975 /* Resources */,
			);
			buildRules = (
			);
			dependencies = (
				B56A32C32752752300843975 /* PBXTargetDependency */,
			);
			name = DRRLifeTests;
			productName = DRRLifeTests;
			productReference = B56A32C12752752300843975 /* DRRLifeTests.xctest */;
			productType = "com.apple.product-type.bundle.unit-test";
		};
		B56A32CA2752752300843975 /* DRRLifeUITests */ = {
			isa = PBXNativeTarget;
			buildConfigurationList = B56A32DB2752752300843975 /* Build configuration list for PBXNativeTarget "DRRLifeUITests" */;
			buildPhases = (
				4A982BB7FC5E8C5F2ECE3C36 /* [CP] Check Pods Manifest.lock */,
				B56A32C72752752300843975 /* Sources */,
				B56A32C82752752300843975 /* Frameworks */,
				B56A32C92752752300843975 /* Resources */,
				1E22AF4FCC6411DCAE184EAD /* [CP] Embed Pods Frameworks */,
			);
			buildRules = (
			);
			dependencies = (
				B56A32CD2752752300843975 /* PBXTargetDependency */,
			);
			name = DRRLifeUITests;
			productName = DRRLifeUITests;
			productReference = B56A32CB2752752300843975 /* DRRLifeUITests.xctest */;
			productType = "com.apple.product-type.bundle.ui-testing";
		};
/* End PBXNativeTarget section */

/* Begin PBXProject section */
		B56A32A32752752300843975 /* Project object */ = {
			isa = PBXProject;
			attributes = {
				BuildIndependentTargetsInParallel = 1;
				LastSwiftUpdateCheck = 1310;
				LastUpgradeCheck = 1310;
				TargetAttributes = {
					B56A32AA2752752300843975 = {
						CreatedOnToolsVersion = 13.1;
					};
					B56A32C02752752300843975 = {
						CreatedOnToolsVersion = 13.1;
						TestTargetID = B56A32AA2752752300843975;
					};
					B56A32CA2752752300843975 = {
						CreatedOnToolsVersion = 13.1;
						TestTargetID = B56A32AA2752752300843975;
					};
				};
			};
			buildConfigurationList = B56A32A62752752300843975 /* Build configuration list for PBXProject "DRRLife" */;
			compatibilityVersion = "Xcode 13.0";
			developmentRegion = en;
			hasScannedForEncodings = 0;
			knownRegions = (
				en,
				Base,
				ko,
			);
			mainGroup = B56A32A22752752300843975;
			productRefGroup = B56A32AC2752752300843975 /* Products */;
			projectDirPath = "";
			projectRoot = "";
			targets = (
				B56A32AA2752752300843975 /* DRRLife */,
				B56A32C02752752300843975 /* DRRLifeTests */,
				B56A32CA2752752300843975 /* DRRLifeUITests */,
			);
		};
/* End PBXProject section */

/* Begin PBXResourcesBuildPhase section */
		B56A32A92752752300843975 /* Resources */ = {
			isa = PBXResourcesBuildPhase;
			buildActionMask = 2147483647;
			files = (
				B5BBCCDC2754CC680009C0EA /* launchImage.jpeg in Resources */,
				B56A32E92752763200843975 /* NanumSquareEB.ttf in Resources */,
				B56A32FC275276D800843975 /* SearchTableViewCell.xib in Resources */,
				B56A32E72752763200843975 /* NanumSquareL.ttf in Resources */,
				B56A32BB2752752300843975 /* LaunchScreen.storyboard in Resources */,
				B56A32E82752763200843975 /* NanumSquareB.ttf in Resources */,
				B52297FB27528C3F00BCEB89 /* Localizable.strings in Resources */,
				B56A32B82752752300843975 /* Assets.xcassets in Resources */,
				B5B03AB827527D60008DB5C9 /* APIKeys.plist in Resources */,
				B56A32EA2752763200843975 /* NanumSquareR.ttf in Resources */,
			);
			runOnlyForDeploymentPostprocessing = 0;
		};
		B56A32BF2752752300843975 /* Resources */ = {
			isa = PBXResourcesBuildPhase;
			buildActionMask = 2147483647;
			files = (
			);
			runOnlyForDeploymentPostprocessing = 0;
		};
		B56A32C92752752300843975 /* Resources */ = {
			isa = PBXResourcesBuildPhase;
			buildActionMask = 2147483647;
			files = (
			);
			runOnlyForDeploymentPostprocessing = 0;
		};
/* End PBXResourcesBuildPhase section */

/* Begin PBXShellScriptBuildPhase section */
		1E22AF4FCC6411DCAE184EAD /* [CP] Embed Pods Frameworks */ = {
			isa = PBXShellScriptBuildPhase;
			buildActionMask = 2147483647;
			files = (
			);
			inputFileListPaths = (
				"${PODS_ROOT}/Target Support Files/Pods-DRRLife-DRRLifeUITests/Pods-DRRLife-DRRLifeUITests-frameworks-${CONFIGURATION}-input-files.xcfilelist",
			);
			name = "[CP] Embed Pods Frameworks";
			outputFileListPaths = (
				"${PODS_ROOT}/Target Support Files/Pods-DRRLife-DRRLifeUITests/Pods-DRRLife-DRRLifeUITests-frameworks-${CONFIGURATION}-output-files.xcfilelist",
			);
			runOnlyForDeploymentPostprocessing = 0;
			shellPath = /bin/sh;
			shellScript = "\"${PODS_ROOT}/Target Support Files/Pods-DRRLife-DRRLifeUITests/Pods-DRRLife-DRRLifeUITests-frameworks.sh\"\n";
			showEnvVarsInLog = 0;
		};
		4A982BB7FC5E8C5F2ECE3C36 /* [CP] Check Pods Manifest.lock */ = {
			isa = PBXShellScriptBuildPhase;
			buildActionMask = 2147483647;
			files = (
			);
			inputFileListPaths = (
			);
			inputPaths = (
				"${PODS_PODFILE_DIR_PATH}/Podfile.lock",
				"${PODS_ROOT}/Manifest.lock",
			);
			name = "[CP] Check Pods Manifest.lock";
			outputFileListPaths = (
			);
			outputPaths = (
				"$(DERIVED_FILE_DIR)/Pods-DRRLife-DRRLifeUITests-checkManifestLockResult.txt",
			);
			runOnlyForDeploymentPostprocessing = 0;
			shellPath = /bin/sh;
			shellScript = "diff \"${PODS_PODFILE_DIR_PATH}/Podfile.lock\" \"${PODS_ROOT}/Manifest.lock\" > /dev/null\nif [ $? != 0 ] ; then\n    # print error to STDERR\n    echo \"error: The sandbox is not in sync with the Podfile.lock. Run 'pod install' or update your CocoaPods installation.\" >&2\n    exit 1\nfi\n# This output is used by Xcode 'outputs' to avoid re-running this script phase.\necho \"SUCCESS\" > \"${SCRIPT_OUTPUT_FILE_0}\"\n";
			showEnvVarsInLog = 0;
		};
		85709EFFAF7793F62E2443E0 /* [CP] Embed Pods Frameworks */ = {
			isa = PBXShellScriptBuildPhase;
			buildActionMask = 2147483647;
			files = (
			);
			inputFileListPaths = (
				"${PODS_ROOT}/Target Support Files/Pods-DRRLife/Pods-DRRLife-frameworks-${CONFIGURATION}-input-files.xcfilelist",
			);
			name = "[CP] Embed Pods Frameworks";
			outputFileListPaths = (
				"${PODS_ROOT}/Target Support Files/Pods-DRRLife/Pods-DRRLife-frameworks-${CONFIGURATION}-output-files.xcfilelist",
			);
			runOnlyForDeploymentPostprocessing = 0;
			shellPath = /bin/sh;
			shellScript = "\"${PODS_ROOT}/Target Support Files/Pods-DRRLife/Pods-DRRLife-frameworks.sh\"\n";
			showEnvVarsInLog = 0;
		};
		87CC6209B67E4B5708FEBA3E /* [CP] Check Pods Manifest.lock */ = {
			isa = PBXShellScriptBuildPhase;
			buildActionMask = 2147483647;
			files = (
			);
			inputFileListPaths = (
			);
			inputPaths = (
				"${PODS_PODFILE_DIR_PATH}/Podfile.lock",
				"${PODS_ROOT}/Manifest.lock",
			);
			name = "[CP] Check Pods Manifest.lock";
			outputFileListPaths = (
			);
			outputPaths = (
				"$(DERIVED_FILE_DIR)/Pods-DRRLife-checkManifestLockResult.txt",
			);
			runOnlyForDeploymentPostprocessing = 0;
			shellPath = /bin/sh;
			shellScript = "diff \"${PODS_PODFILE_DIR_PATH}/Podfile.lock\" \"${PODS_ROOT}/Manifest.lock\" > /dev/null\nif [ $? != 0 ] ; then\n    # print error to STDERR\n    echo \"error: The sandbox is not in sync with the Podfile.lock. Run 'pod install' or update your CocoaPods installation.\" >&2\n    exit 1\nfi\n# This output is used by Xcode 'outputs' to avoid re-running this script phase.\necho \"SUCCESS\" > \"${SCRIPT_OUTPUT_FILE_0}\"\n";
			showEnvVarsInLog = 0;
		};
		AAA319E7B23E546B17DBCB5A /* [CP] Check Pods Manifest.lock */ = {
			isa = PBXShellScriptBuildPhase;
			buildActionMask = 2147483647;
			files = (
			);
			inputFileListPaths = (
			);
			inputPaths = (
				"${PODS_PODFILE_DIR_PATH}/Podfile.lock",
				"${PODS_ROOT}/Manifest.lock",
			);
			name = "[CP] Check Pods Manifest.lock";
			outputFileListPaths = (
			);
			outputPaths = (
				"$(DERIVED_FILE_DIR)/Pods-DRRLifeTests-checkManifestLockResult.txt",
			);
			runOnlyForDeploymentPostprocessing = 0;
			shellPath = /bin/sh;
			shellScript = "diff \"${PODS_PODFILE_DIR_PATH}/Podfile.lock\" \"${PODS_ROOT}/Manifest.lock\" > /dev/null\nif [ $? != 0 ] ; then\n    # print error to STDERR\n    echo \"error: The sandbox is not in sync with the Podfile.lock. Run 'pod install' or update your CocoaPods installation.\" >&2\n    exit 1\nfi\n# This output is used by Xcode 'outputs' to avoid re-running this script phase.\necho \"SUCCESS\" > \"${SCRIPT_OUTPUT_FILE_0}\"\n";
			showEnvVarsInLog = 0;
		};
/* End PBXShellScriptBuildPhase section */

/* Begin PBXSourcesBuildPhase section */
		B56A32A72752752300843975 /* Sources */ = {
			isa = PBXSourcesBuildPhase;
			buildActionMask = 2147483647;
			files = (
				B56A33122752771400843975 /* UILabel.swift in Sources */,
				B56A330D2752771400843975 /* Localize.swift in Sources */,
				B56A32B32752752300843975 /* ViewController.swift in Sources */,
				B5BBCCDA2754BD630009C0EA /* OpenRoute.swift in Sources */,
				B565B443275B8EF8005BC7AC /* KakaoLocal.swift in Sources */,
				B56A33142752771400843975 /* CALayer.swift in Sources */,
				B56A330B2752771400843975 /* UIView+Snapkit.swift in Sources */,
				B56A33112752771400843975 /* UIButton.swift in Sources */,
				B56A32AF2752752300843975 /* AppDelegate.swift in Sources */,
				B585C0582758B02600BADDDC /* Marker.swift in Sources */,
				B56A330C2752771400843975 /* UIViewController.swift in Sources */,
				B56A32F5275276D000843975 /* LocationInfoViewController.swift in Sources */,
				B56A33132752771400843975 /* UIFont.swift in Sources */,
				B56A32FD275276D800843975 /* SearchViewController.swift in Sources */,
				B56A32B12752752300843975 /* SceneDelegate.swift in Sources */,
				B56A32F1275276C000843975 /* MapViewController.swift in Sources */,
				B56A33102752771400843975 /* DRRLife++Bundle.swift in Sources */,
				B5B03ABA27527E0D008DB5C9 /* ConverType.swift in Sources */,
				B56A330F2752771400843975 /* UITextField.swift in Sources */,
				B56A330E2752771400843975 /* UIColor.swift in Sources */,
				B56A32F3275276C800843975 /* RouteInputViewController.swift in Sources */,
				B56A32FA275276D800843975 /* SearchTableViewCell.swift in Sources */,
				B5BBCCDF275610B70009C0EA /* RouteInfoViewController.swift in Sources */,
				B56A32FB275276D800843975 /* Model.swift in Sources */,
			);
			runOnlyForDeploymentPostprocessing = 0;
		};
		B56A32BD2752752300843975 /* Sources */ = {
			isa = PBXSourcesBuildPhase;
			buildActionMask = 2147483647;
			files = (
				B56A32C62752752300843975 /* DRRLifeTests.swift in Sources */,
			);
			runOnlyForDeploymentPostprocessing = 0;
		};
		B56A32C72752752300843975 /* Sources */ = {
			isa = PBXSourcesBuildPhase;
			buildActionMask = 2147483647;
			files = (
				B56A32D02752752300843975 /* DRRLifeUITests.swift in Sources */,
				B56A32D22752752300843975 /* DRRLifeUITestsLaunchTests.swift in Sources */,
			);
			runOnlyForDeploymentPostprocessing = 0;
		};
/* End PBXSourcesBuildPhase section */

/* Begin PBXTargetDependency section */
		B56A32C32752752300843975 /* PBXTargetDependency */ = {
			isa = PBXTargetDependency;
			target = B56A32AA2752752300843975 /* DRRLife */;
			targetProxy = B56A32C22752752300843975 /* PBXContainerItemProxy */;
		};
		B56A32CD2752752300843975 /* PBXTargetDependency */ = {
			isa = PBXTargetDependency;
			target = B56A32AA2752752300843975 /* DRRLife */;
			targetProxy = B56A32CC2752752300843975 /* PBXContainerItemProxy */;
		};
/* End PBXTargetDependency section */

/* Begin PBXVariantGroup section */
		B52297FD27528C3F00BCEB89 /* Localizable.strings */ = {
			isa = PBXVariantGroup;
			children = (
				B52297FC27528C3F00BCEB89 /* en */,
				B52297FF27528C9B00BCEB89 /* ko */,
			);
			name = Localizable.strings;
			sourceTree = "<group>";
		};
		B56A32B92752752300843975 /* LaunchScreen.storyboard */ = {
			isa = PBXVariantGroup;
			children = (
				B56A32BA2752752300843975 /* Base */,
				B52297FE27528C9B00BCEB89 /* ko */,
			);
			name = LaunchScreen.storyboard;
			sourceTree = "<group>";
		};
/* End PBXVariantGroup section */

/* Begin XCBuildConfiguration section */
		B56A32D32752752300843975 /* Debug */ = {
			isa = XCBuildConfiguration;
			buildSettings = {
				ALWAYS_SEARCH_USER_PATHS = NO;
				CLANG_ANALYZER_LOCALIZABILITY_NONLOCALIZED = YES;
				CLANG_ANALYZER_NONNULL = YES;
				CLANG_ANALYZER_NUMBER_OBJECT_CONVERSION = YES_AGGRESSIVE;
				CLANG_CXX_LANGUAGE_STANDARD = "gnu++17";
				CLANG_CXX_LIBRARY = "libc++";
				CLANG_ENABLE_MODULES = YES;
				CLANG_ENABLE_OBJC_ARC = YES;
				CLANG_ENABLE_OBJC_WEAK = YES;
				CLANG_WARN_BLOCK_CAPTURE_AUTORELEASING = YES;
				CLANG_WARN_BOOL_CONVERSION = YES;
				CLANG_WARN_COMMA = YES;
				CLANG_WARN_CONSTANT_CONVERSION = YES;
				CLANG_WARN_DEPRECATED_OBJC_IMPLEMENTATIONS = YES;
				CLANG_WARN_DIRECT_OBJC_ISA_USAGE = YES_ERROR;
				CLANG_WARN_DOCUMENTATION_COMMENTS = YES;
				CLANG_WARN_EMPTY_BODY = YES;
				CLANG_WARN_ENUM_CONVERSION = YES;
				CLANG_WARN_INFINITE_RECURSION = YES;
				CLANG_WARN_INT_CONVERSION = YES;
				CLANG_WARN_NON_LITERAL_NULL_CONVERSION = YES;
				CLANG_WARN_OBJC_IMPLICIT_RETAIN_SELF = YES;
				CLANG_WARN_OBJC_LITERAL_CONVERSION = YES;
				CLANG_WARN_OBJC_ROOT_CLASS = YES_ERROR;
				CLANG_WARN_QUOTED_INCLUDE_IN_FRAMEWORK_HEADER = YES;
				CLANG_WARN_RANGE_LOOP_ANALYSIS = YES;
				CLANG_WARN_STRICT_PROTOTYPES = YES;
				CLANG_WARN_SUSPICIOUS_MOVE = YES;
				CLANG_WARN_UNGUARDED_AVAILABILITY = YES_AGGRESSIVE;
				CLANG_WARN_UNREACHABLE_CODE = YES;
				CLANG_WARN__DUPLICATE_METHOD_MATCH = YES;
				COPY_PHASE_STRIP = NO;
				DEBUG_INFORMATION_FORMAT = dwarf;
				ENABLE_STRICT_OBJC_MSGSEND = YES;
				ENABLE_TESTABILITY = YES;
				"EXCLUDED_ARCHS[sdk=iphonesimulator*]" = arm64;
				GCC_C_LANGUAGE_STANDARD = gnu11;
				GCC_DYNAMIC_NO_PIC = NO;
				GCC_NO_COMMON_BLOCKS = YES;
				GCC_OPTIMIZATION_LEVEL = 0;
				GCC_PREPROCESSOR_DEFINITIONS = (
					"DEBUG=1",
					"$(inherited)",
				);
				GCC_WARN_64_TO_32_BIT_CONVERSION = YES;
				GCC_WARN_ABOUT_RETURN_TYPE = YES_ERROR;
				GCC_WARN_UNDECLARED_SELECTOR = YES;
				GCC_WARN_UNINITIALIZED_AUTOS = YES_AGGRESSIVE;
				GCC_WARN_UNUSED_FUNCTION = YES;
				GCC_WARN_UNUSED_VARIABLE = YES;
				IPHONEOS_DEPLOYMENT_TARGET = 15.0;
				MTL_ENABLE_DEBUG_INFO = INCLUDE_SOURCE;
				MTL_FAST_MATH = YES;
				ONLY_ACTIVE_ARCH = YES;
				SDKROOT = iphoneos;
				SWIFT_ACTIVE_COMPILATION_CONDITIONS = DEBUG;
				SWIFT_OPTIMIZATION_LEVEL = "-Onone";
			};
			name = Debug;
		};
		B56A32D42752752300843975 /* Release */ = {
			isa = XCBuildConfiguration;
			buildSettings = {
				ALWAYS_SEARCH_USER_PATHS = NO;
				CLANG_ANALYZER_LOCALIZABILITY_NONLOCALIZED = YES;
				CLANG_ANALYZER_NONNULL = YES;
				CLANG_ANALYZER_NUMBER_OBJECT_CONVERSION = YES_AGGRESSIVE;
				CLANG_CXX_LANGUAGE_STANDARD = "gnu++17";
				CLANG_CXX_LIBRARY = "libc++";
				CLANG_ENABLE_MODULES = YES;
				CLANG_ENABLE_OBJC_ARC = YES;
				CLANG_ENABLE_OBJC_WEAK = YES;
				CLANG_WARN_BLOCK_CAPTURE_AUTORELEASING = YES;
				CLANG_WARN_BOOL_CONVERSION = YES;
				CLANG_WARN_COMMA = YES;
				CLANG_WARN_CONSTANT_CONVERSION = YES;
				CLANG_WARN_DEPRECATED_OBJC_IMPLEMENTATIONS = YES;
				CLANG_WARN_DIRECT_OBJC_ISA_USAGE = YES_ERROR;
				CLANG_WARN_DOCUMENTATION_COMMENTS = YES;
				CLANG_WARN_EMPTY_BODY = YES;
				CLANG_WARN_ENUM_CONVERSION = YES;
				CLANG_WARN_INFINITE_RECURSION = YES;
				CLANG_WARN_INT_CONVERSION = YES;
				CLANG_WARN_NON_LITERAL_NULL_CONVERSION = YES;
				CLANG_WARN_OBJC_IMPLICIT_RETAIN_SELF = YES;
				CLANG_WARN_OBJC_LITERAL_CONVERSION = YES;
				CLANG_WARN_OBJC_ROOT_CLASS = YES_ERROR;
				CLANG_WARN_QUOTED_INCLUDE_IN_FRAMEWORK_HEADER = YES;
				CLANG_WARN_RANGE_LOOP_ANALYSIS = YES;
				CLANG_WARN_STRICT_PROTOTYPES = YES;
				CLANG_WARN_SUSPICIOUS_MOVE = YES;
				CLANG_WARN_UNGUARDED_AVAILABILITY = YES_AGGRESSIVE;
				CLANG_WARN_UNREACHABLE_CODE = YES;
				CLANG_WARN__DUPLICATE_METHOD_MATCH = YES;
				COPY_PHASE_STRIP = NO;
				DEBUG_INFORMATION_FORMAT = "dwarf-with-dsym";
				ENABLE_NS_ASSERTIONS = NO;
				ENABLE_STRICT_OBJC_MSGSEND = YES;
				"EXCLUDED_ARCHS[sdk=iphonesimulator*]" = arm64;
				GCC_C_LANGUAGE_STANDARD = gnu11;
				GCC_NO_COMMON_BLOCKS = YES;
				GCC_WARN_64_TO_32_BIT_CONVERSION = YES;
				GCC_WARN_ABOUT_RETURN_TYPE = YES_ERROR;
				GCC_WARN_UNDECLARED_SELECTOR = YES;
				GCC_WARN_UNINITIALIZED_AUTOS = YES_AGGRESSIVE;
				GCC_WARN_UNUSED_FUNCTION = YES;
				GCC_WARN_UNUSED_VARIABLE = YES;
				IPHONEOS_DEPLOYMENT_TARGET = 15.0;
				MTL_ENABLE_DEBUG_INFO = NO;
				MTL_FAST_MATH = YES;
				ONLY_ACTIVE_ARCH = YES;
				SDKROOT = iphoneos;
				SWIFT_COMPILATION_MODE = wholemodule;
				SWIFT_OPTIMIZATION_LEVEL = "-O";
				VALIDATE_PRODUCT = YES;
			};
			name = Release;
		};
		B56A32D62752752300843975 /* Debug */ = {
			isa = XCBuildConfiguration;
			baseConfigurationReference = BDC950A4A3948B7D2D3D1061 /* Pods-DRRLife.debug.xcconfig */;
			buildSettings = {
				ASSETCATALOG_COMPILER_APPICON_NAME = AppIcon;
				ASSETCATALOG_COMPILER_GLOBAL_ACCENT_COLOR_NAME = AccentColor;
				CODE_SIGN_IDENTITY = "Apple Development";
				CODE_SIGN_STYLE = Automatic;
				CURRENT_PROJECT_VERSION = 4;
				DEVELOPMENT_TEAM = AVZ9493N69;
				GENERATE_INFOPLIST_FILE = YES;
				INFOPLIST_FILE = DRRLife/Info.plist;
				INFOPLIST_KEY_CFBundleDisplayName = "따르릉라이프";
				INFOPLIST_KEY_NSLocationAlwaysAndWhenInUseUsageDescription = "사용자의 위치를 기준으로 지도를 보여드리기 위해, 위치 정보 권한이 필요합니다.";
				INFOPLIST_KEY_NSLocationWhenInUseUsageDescription = "사용자의 위치를 기준으로 지도를 보여드리기 위해, 위치 정보 권한이 필요합니다.";
				INFOPLIST_KEY_UIApplicationSupportsIndirectInputEvents = YES;
				INFOPLIST_KEY_UILaunchStoryboardName = LaunchScreen;
				INFOPLIST_KEY_UISupportedInterfaceOrientations = UIInterfaceOrientationPortrait;
				INFOPLIST_KEY_UISupportedInterfaceOrientations_iPad = UIInterfaceOrientationPortrait;
				INFOPLIST_KEY_UISupportedInterfaceOrientations_iPhone = UIInterfaceOrientationPortrait;
				INFOPLIST_KEY_UIUserInterfaceStyle = Light;
				IPHONEOS_DEPLOYMENT_TARGET = 13.0;
				LD_RUNPATH_SEARCH_PATHS = (
					"$(inherited)",
					"@executable_path/Frameworks",
				);
				MARKETING_VERSION = 1.0.0;
				PRODUCT_BUNDLE_IDENTIFIER = com.miniOS.DRRLife;
				PRODUCT_NAME = "$(TARGET_NAME)";
				PROVISIONING_PROFILE_SPECIFIER = "";
				SWIFT_EMIT_LOC_STRINGS = YES;
				SWIFT_VERSION = 5.0;
				TARGETED_DEVICE_FAMILY = 1;
			};
			name = Debug;
		};
		B56A32D72752752300843975 /* Release */ = {
			isa = XCBuildConfiguration;
			baseConfigurationReference = A8E0DA35B561CE5E4778FE87 /* Pods-DRRLife.release.xcconfig */;
			buildSettings = {
				ASSETCATALOG_COMPILER_APPICON_NAME = AppIcon;
				ASSETCATALOG_COMPILER_GLOBAL_ACCENT_COLOR_NAME = AccentColor;
				CODE_SIGN_IDENTITY = "Apple Development";
				CODE_SIGN_STYLE = Automatic;
				CURRENT_PROJECT_VERSION = 4;
				DEVELOPMENT_TEAM = AVZ9493N69;
				"EXCLUDED_ARCHS[sdk=iphonesimulator*]" = "";
				GENERATE_INFOPLIST_FILE = YES;
				INFOPLIST_FILE = DRRLife/Info.plist;
				INFOPLIST_KEY_CFBundleDisplayName = "따르릉라이프";
				INFOPLIST_KEY_NSLocationAlwaysAndWhenInUseUsageDescription = "사용자의 위치를 기준으로 지도를 보여드리기 위해, 위치 정보 권한이 필요합니다.";
				INFOPLIST_KEY_NSLocationWhenInUseUsageDescription = "사용자의 위치를 기준으로 지도를 보여드리기 위해, 위치 정보 권한이 필요합니다.";
				INFOPLIST_KEY_UIApplicationSupportsIndirectInputEvents = YES;
				INFOPLIST_KEY_UILaunchStoryboardName = LaunchScreen;
				INFOPLIST_KEY_UISupportedInterfaceOrientations = UIInterfaceOrientationPortrait;
				INFOPLIST_KEY_UISupportedInterfaceOrientations_iPad = UIInterfaceOrientationPortrait;
				INFOPLIST_KEY_UISupportedInterfaceOrientations_iPhone = UIInterfaceOrientationPortrait;
				INFOPLIST_KEY_UIUserInterfaceStyle = Light;
				IPHONEOS_DEPLOYMENT_TARGET = 13.0;
				LD_RUNPATH_SEARCH_PATHS = (
					"$(inherited)",
					"@executable_path/Frameworks",
				);
				MARKETING_VERSION = 1.0.0;
				PRODUCT_BUNDLE_IDENTIFIER = com.miniOS.DRRLife;
				PRODUCT_NAME = "$(TARGET_NAME)";
				PROVISIONING_PROFILE_SPECIFIER = "";
				SWIFT_EMIT_LOC_STRINGS = YES;
				SWIFT_VERSION = 5.0;
				TARGETED_DEVICE_FAMILY = 1;
			};
			name = Release;
		};
		B56A32D92752752300843975 /* Debug */ = {
			isa = XCBuildConfiguration;
			baseConfigurationReference = A346DCE60A6D73A8E0B1D705 /* Pods-DRRLifeTests.debug.xcconfig */;
			buildSettings = {
				ALWAYS_EMBED_SWIFT_STANDARD_LIBRARIES = YES;
				BUNDLE_LOADER = "$(TEST_HOST)";
				CODE_SIGN_STYLE = Automatic;
				CURRENT_PROJECT_VERSION = 1;
				DEVELOPMENT_TEAM = AVZ9493N69;
				GENERATE_INFOPLIST_FILE = YES;
				IPHONEOS_DEPLOYMENT_TARGET = 15.0;
				LD_RUNPATH_SEARCH_PATHS = (
					"$(inherited)",
					"@executable_path/Frameworks",
					"@loader_path/Frameworks",
				);
				MARKETING_VERSION = 1.0;
				PRODUCT_BUNDLE_IDENTIFIER = com.miniOS.DRRLifeTests;
				PRODUCT_NAME = "$(TARGET_NAME)";
				SWIFT_EMIT_LOC_STRINGS = NO;
				SWIFT_VERSION = 5.0;
				TARGETED_DEVICE_FAMILY = "1,2";
				TEST_HOST = "$(BUILT_PRODUCTS_DIR)/DRRLife.app/DRRLife";
			};
			name = Debug;
		};
		B56A32DA2752752300843975 /* Release */ = {
			isa = XCBuildConfiguration;
			baseConfigurationReference = 50392489B2FF2C235EC0EA4E /* Pods-DRRLifeTests.release.xcconfig */;
			buildSettings = {
				ALWAYS_EMBED_SWIFT_STANDARD_LIBRARIES = YES;
				BUNDLE_LOADER = "$(TEST_HOST)";
				CODE_SIGN_STYLE = Automatic;
				CURRENT_PROJECT_VERSION = 1;
				DEVELOPMENT_TEAM = AVZ9493N69;
				GENERATE_INFOPLIST_FILE = YES;
				IPHONEOS_DEPLOYMENT_TARGET = 15.0;
				LD_RUNPATH_SEARCH_PATHS = (
					"$(inherited)",
					"@executable_path/Frameworks",
					"@loader_path/Frameworks",
				);
				MARKETING_VERSION = 1.0;
				PRODUCT_BUNDLE_IDENTIFIER = com.miniOS.DRRLifeTests;
				PRODUCT_NAME = "$(TARGET_NAME)";
				SWIFT_EMIT_LOC_STRINGS = NO;
				SWIFT_VERSION = 5.0;
				TARGETED_DEVICE_FAMILY = "1,2";
				TEST_HOST = "$(BUILT_PRODUCTS_DIR)/DRRLife.app/DRRLife";
			};
			name = Release;
		};
		B56A32DC2752752300843975 /* Debug */ = {
			isa = XCBuildConfiguration;
			baseConfigurationReference = CF32F3E62971C9DCE6BB9883 /* Pods-DRRLife-DRRLifeUITests.debug.xcconfig */;
			buildSettings = {
				ALWAYS_EMBED_SWIFT_STANDARD_LIBRARIES = YES;
				CODE_SIGN_STYLE = Automatic;
				CURRENT_PROJECT_VERSION = 1;
				DEVELOPMENT_TEAM = AVZ9493N69;
				GENERATE_INFOPLIST_FILE = YES;
				LD_RUNPATH_SEARCH_PATHS = (
					"$(inherited)",
					"@executable_path/Frameworks",
					"@loader_path/Frameworks",
				);
				MARKETING_VERSION = 1.0;
				PRODUCT_BUNDLE_IDENTIFIER = com.miniOS.DRRLifeUITests;
				PRODUCT_NAME = "$(TARGET_NAME)";
				SWIFT_EMIT_LOC_STRINGS = NO;
				SWIFT_VERSION = 5.0;
				TARGETED_DEVICE_FAMILY = "1,2";
				TEST_TARGET_NAME = DRRLife;
			};
			name = Debug;
		};
		B56A32DD2752752300843975 /* Release */ = {
			isa = XCBuildConfiguration;
			baseConfigurationReference = DEBBA80BE57F86CA49270660 /* Pods-DRRLife-DRRLifeUITests.release.xcconfig */;
			buildSettings = {
				ALWAYS_EMBED_SWIFT_STANDARD_LIBRARIES = YES;
				CODE_SIGN_STYLE = Automatic;
				CURRENT_PROJECT_VERSION = 1;
				DEVELOPMENT_TEAM = AVZ9493N69;
				GENERATE_INFOPLIST_FILE = YES;
				LD_RUNPATH_SEARCH_PATHS = (
					"$(inherited)",
					"@executable_path/Frameworks",
					"@loader_path/Frameworks",
				);
				MARKETING_VERSION = 1.0;
				PRODUCT_BUNDLE_IDENTIFIER = com.miniOS.DRRLifeUITests;
				PRODUCT_NAME = "$(TARGET_NAME)";
				SWIFT_EMIT_LOC_STRINGS = NO;
				SWIFT_VERSION = 5.0;
				TARGETED_DEVICE_FAMILY = "1,2";
				TEST_TARGET_NAME = DRRLife;
			};
			name = Release;
		};
/* End XCBuildConfiguration section */

/* Begin XCConfigurationList section */
		B56A32A62752752300843975 /* Build configuration list for PBXProject "DRRLife" */ = {
			isa = XCConfigurationList;
			buildConfigurations = (
				B56A32D32752752300843975 /* Debug */,
				B56A32D42752752300843975 /* Release */,
			);
			defaultConfigurationIsVisible = 0;
			defaultConfigurationName = Release;
		};
		B56A32D52752752300843975 /* Build configuration list for PBXNativeTarget "DRRLife" */ = {
			isa = XCConfigurationList;
			buildConfigurations = (
				B56A32D62752752300843975 /* Debug */,
				B56A32D72752752300843975 /* Release */,
			);
			defaultConfigurationIsVisible = 0;
			defaultConfigurationName = Release;
		};
		B56A32D82752752300843975 /* Build configuration list for PBXNativeTarget "DRRLifeTests" */ = {
			isa = XCConfigurationList;
			buildConfigurations = (
				B56A32D92752752300843975 /* Debug */,
				B56A32DA2752752300843975 /* Release */,
			);
			defaultConfigurationIsVisible = 0;
			defaultConfigurationName = Release;
		};
		B56A32DB2752752300843975 /* Build configuration list for PBXNativeTarget "DRRLifeUITests" */ = {
			isa = XCConfigurationList;
			buildConfigurations = (
				B56A32DC2752752300843975 /* Debug */,
				B56A32DD2752752300843975 /* Release */,
			);
			defaultConfigurationIsVisible = 0;
			defaultConfigurationName = Release;
		};
/* End XCConfigurationList section */
	};
	rootObject = B56A32A32752752300843975 /* Project object */;
}
